Microsoft Visual Studio Solution File, Format Version 12.00
# Visual Studio 14
VisualStudioVersion = 14.0.25420.1
MinimumVisualStudioVersion = 10.0.40219.1
Project("{8BC9CEB8-8B4A-11D0-8D11-00A0C91BC942}") = "core", "..\core\core-15.vcxproj", "{261882E8-80AF-4373-A8CC-A8D52E24BF27}"
EndProject
Project("{8BC9CEB8-8B4A-11D0-8D11-00A0C91BC942}") = "coretest", "coretest-15.vcxproj", "{0FF1232A-8377-4271-BC22-04E57A39FFB6}"
EndProject
Project("{8BC9CEB8-8B4A-11D0-8D11-00A0C91BC942}") = "os", "..\os\windows\os-15.vcxproj", "{D5DBD8E8-CF48-4CA3-B773-C5F3B3316C73}"
EndProject
Global
	GlobalSection(SolutionConfigurationPlatforms) = preSolution
		Debug|x64 = Debug|x64
		Debug|x86 = Debug|x86
		Demo|x64 = Demo|x64
		Demo|x86 = Demo|x86
		Release|x64 = Release|x64
		Release|x86 = Release|x86
	EndGlobalSection
	GlobalSection(ProjectConfigurationPlatforms) = postSolution
		{261882E8-80AF-4373-A8CC-A8D52E24BF27}.Debug|x64.ActiveCfg = Debug|x64
		{261882E8-80AF-4373-A8CC-A8D52E24BF27}.Debug|x64.Build.0 = Debug|x64
		{261882E8-80AF-4373-A8CC-A8D52E24BF27}.Debug|x86.ActiveCfg = Debug|Win32
		{261882E8-80AF-4373-A8CC-A8D52E24BF27}.Debug|x86.Build.0 = Debug|Win32
		{261882E8-80AF-4373-A8CC-A8D52E24BF27}.Demo|x64.ActiveCfg = Demo|x64
		{261882E8-80AF-4373-A8CC-A8D52E24BF27}.Demo|x64.Build.0 = Demo|x64
		{261882E8-80AF-4373-A8CC-A8D52E24BF27}.Demo|x86.ActiveCfg = Demo|Win32
		{261882E8-80AF-4373-A8CC-A8D52E24BF27}.Demo|x86.Build.0 = Demo|Win32
		{261882E8-80AF-4373-A8CC-A8D52E24BF27}.Release|x64.ActiveCfg = Release|x64
		{261882E8-80AF-4373-A8CC-A8D52E24BF27}.Release|x64.Build.0 = Release|x64
		{261882E8-80AF-4373-A8CC-A8D52E24BF27}.Release|x86.ActiveCfg = Release|Win32
		{261882E8-80AF-4373-A8CC-A8D52E24BF27}.Release|x86.Build.0 = Release|Win32
		{0FF1232A-8377-4271-BC22-04E57A39FFB6}.Debug|x64.ActiveCfg = Debug|x64
		{0FF1232A-8377-4271-BC22-04E57A39FFB6}.Debug|x64.Build.0 = Debug|x64
		{0FF1232A-8377-4271-BC22-04E57A39FFB6}.Debug|x86.ActiveCfg = Debug|Win32
		{0FF1232A-8377-4271-BC22-04E57A39FFB6}.Debug|x86.Build.0 = Debug|Win32
		{0FF1232A-8377-4271-BC22-04E57A39FFB6}.Demo|x64.ActiveCfg = Debug|x64
		{0FF1232A-8377-4271-BC22-04E57A39FFB6}.Demo|x64.Build.0 = Debug|x64
		{0FF1232A-8377-4271-BC22-04E57A39FFB6}.Demo|x86.ActiveCfg = Debug|Win32
		{0FF1232A-8377-4271-BC22-04E57A39FFB6}.Demo|x86.Build.0 = Debug|Win32
		{0FF1232A-8377-4271-BC22-04E57A39FFB6}.Release|x64.ActiveCfg = Debug|x64
		{0FF1232A-8377-4271-BC22-04E57A39FFB6}.Release|x64.Build.0 = Debug|x64
		{0FF1232A-8377-4271-BC22-04E57A39FFB6}.Release|x86.ActiveCfg = Debug|Win32
		{0FF1232A-8377-4271-BC22-04E57A39FFB6}.Release|x86.Build.0 = Debug|Win32
		{D5DBD8E8-CF48-4CA3-B773-C5F3B3316C73}.Debug|x64.ActiveCfg = Debug|x64
		{D5DBD8E8-CF48-4CA3-B773-C5F3B3316C73}.Debug|x64.Build.0 = Debug|x64
		{D5DBD8E8-CF48-4CA3-B773-C5F3B3316C73}.Debug|x86.ActiveCfg = Debug|Win32
		{D5DBD8E8-CF48-4CA3-B773-C5F3B3316C73}.Debug|x86.Build.0 = Debug|Win32
		{D5DBD8E8-CF48-4CA3-B773-C5F3B3316C73}.Demo|x64.ActiveCfg = Demo|x64
		{D5DBD8E8-CF48-4CA3-B773-C5F3B3316C73}.Demo|x64.Build.0 = Demo|x64
		{D5DBD8E8-CF48-4CA3-B773-C5F3B3316C73}.Demo|x86.ActiveCfg = Demo|Win32
		{D5DBD8E8-CF48-4CA3-B773-C5F3B3316C73}.Demo|x86.Build.0 = Demo|Win32
		{D5DBD8E8-CF48-4CA3-B773-C5F3B3316C73}.Release|x64.ActiveCfg = Release|x64
		{D5DBD8E8-CF48-4CA3-B773-C5F3B3316C73}.Release|x64.Build.0 = Release|x64
		{D5DBD8E8-CF48-4CA3-B773-C5F3B3316C73}.Release|x86.ActiveCfg = Release|Win32
		{D5DBD8E8-CF48-4CA3-B773-C5F3B3316C73}.Release|x86.Build.0 = Release|Win32
	EndGlobalSection
	GlobalSection(SolutionProperties) = preSolution
		HideSolutionNode = FALSE
	EndGlobalSection
EndGlobal
