Microsoft Visual Studio Solution File, Format Version 11.00
# Visual Studio 2010
Project("{8BC9CEB8-8B4A-11D0-8D11-00A0C91BC942}") = "core", "src\core\core.vcxproj", "{261882E8-80AF-4373-A8CC-A8D52E24BF27}"
EndProject
Project("{8BC9CEB8-8B4A-11D0-8D11-00A0C91BC942}") = "pwsafe", "src\ui\wxWidgets\pwsafe_wx.vcxproj", "{45779F00-D0DD-477B-B1E1-F624B6C86AB9}"
	ProjectSection(ProjectDependencies) = postProject
		{261882E8-80AF-4373-A8CC-A8D52E24BF27} = {261882E8-80AF-4373-A8CC-A8D52E24BF27}
		{D5DBD8E8-CF48-4CA3-B773-C5F3B3316C73} = {D5DBD8E8-CF48-4CA3-B773-C5F3B3316C73}
	EndProjectSection
EndProject
Project("{8BC9CEB8-8B4A-11D0-8D11-00A0C91BC942}") = "os", "src\os\windows\os.vcxproj", "{D5DBD8E8-CF48-4CA3-B773-C5F3B3316C73}"
EndProject
Global
	GlobalSection(SolutionConfigurationPlatforms) = preSolution
		Debugwx|Win32 = Debugwx|Win32
		Debugwx|x64 = Debugwx|x64
		Debugwx64|Win32 = Debugwx64|Win32
		Debugwx64|x64 = Debugwx64|x64
		DebugwxX|Win32 = DebugwxX|Win32
		DebugwxX|x64 = DebugwxX|x64
		DebugwxX64|Win32 = DebugwxX64|Win32
		DebugwxX64|x64 = DebugwxX64|x64
		Releasewx|Win32 = Releasewx|Win32
		Releasewx|x64 = Releasewx|x64
		Releasewx64|Win32 = Releasewx64|Win32
		Releasewx64|x64 = Releasewx64|x64
		ReleasewxX|Win32 = ReleasewxX|Win32
		ReleasewxX|x64 = ReleasewxX|x64
		ReleasewxX64|Win32 = ReleasewxX64|Win32
		ReleasewxX64|x64 = ReleasewxX64|x64
	EndGlobalSection
	GlobalSection(ProjectConfigurationPlatforms) = postSolution
		{261882E8-80AF-4373-A8CC-A8D52E24BF27}.Debugwx|Win32.ActiveCfg = Debugwx|Win32
		{261882E8-80AF-4373-A8CC-A8D52E24BF27}.Debugwx|Win32.Build.0 = Debugwx|Win32
		{261882E8-80AF-4373-A8CC-A8D52E24BF27}.Debugwx64|Win32.ActiveCfg = Debugwx64|Win32
		{261882E8-80AF-4373-A8CC-A8D52E24BF27}.Debugwx64|x64.ActiveCfg = Debugwx64|x64
		{261882E8-80AF-4373-A8CC-A8D52E24BF27}.Debugwx64|x64.Build.0 = Debugwx64|x64
		{261882E8-80AF-4373-A8CC-A8D52E24BF27}.DebugwxX|Win32.ActiveCfg = DebugwxX|Win32
		{261882E8-80AF-4373-A8CC-A8D52E24BF27}.DebugwxX|Win32.Build.0 = DebugwxX|Win32
		{261882E8-80AF-4373-A8CC-A8D52E24BF27}.DebugwxX|x64.ActiveCfg = DebugwxX|x64
		{261882E8-80AF-4373-A8CC-A8D52E24BF27}.DebugwxX64|Win32.ActiveCfg = DebugwxX64|Win32
		{261882E8-80AF-4373-A8CC-A8D52E24BF27}.DebugwxX64|x64.ActiveCfg = DebugwxX64|x64
		{261882E8-80AF-4373-A8CC-A8D52E24BF27}.DebugwxX64|x64.Build.0 = DebugwxX64|x64
		{261882E8-80AF-4373-A8CC-A8D52E24BF27}.Releasewx|Win32.ActiveCfg = Releasewx|Win32
		{261882E8-80AF-4373-A8CC-A8D52E24BF27}.Releasewx|Win32.Build.0 = Releasewx|Win32
		{261882E8-80AF-4373-A8CC-A8D52E24BF27}.Releasewx|x64.ActiveCfg = Releasewx|x64
		{261882E8-80AF-4373-A8CC-A8D52E24BF27}.Releasewx64|Win32.ActiveCfg = Releasewx64|Win32
		{261882E8-80AF-4373-A8CC-A8D52E24BF27}.Releasewx64|x64.ActiveCfg = Releasewx64|x64
		{261882E8-80AF-4373-A8CC-A8D52E24BF27}.Releasewx64|x64.Build.0 = Releasewx64|x64
		{261882E8-80AF-4373-A8CC-A8D52E24BF27}.ReleasewxX|Win32.ActiveCfg = ReleasewxX|Win32
		{261882E8-80AF-4373-A8CC-A8D52E24BF27}.ReleasewxX|Win32.Build.0 = ReleasewxX|Win32
		{261882E8-80AF-4373-A8CC-A8D52E24BF27}.ReleasewxX|x64.ActiveCfg = ReleasewxX|x64
		{261882E8-80AF-4373-A8CC-A8D52E24BF27}.ReleasewxX64|Win32.ActiveCfg = ReleasewxX64|Win32
		{261882E8-80AF-4373-A8CC-A8D52E24BF27}.ReleasewxX64|x64.ActiveCfg = ReleasewxX64|x64
		{261882E8-80AF-4373-A8CC-A8D52E24BF27}.ReleasewxX64|x64.Build.0 = ReleasewxX64|x64
		{45779F00-D0DD-477B-B1E1-F624B6C86AB9}.Debugwx|Win32.ActiveCfg = Debugwx|Win32
		{45779F00-D0DD-477B-B1E1-F624B6C86AB9}.Debugwx|Win32.Build.0 = Debugwx|Win32
		{45779F00-D0DD-477B-B1E1-F624B6C86AB9}.Debugwx|x64.ActiveCfg = Debugwx|x64
		{45779F00-D0DD-477B-B1E1-F624B6C86AB9}.Debugwx64|Win32.ActiveCfg = Debugwx64|Win32
		{45779F00-D0DD-477B-B1E1-F624B6C86AB9}.Debugwx64|x64.ActiveCfg = Debugwx64|x64
		{45779F00-D0DD-477B-B1E1-F624B6C86AB9}.Debugwx64|x64.Build.0 = Debugwx64|x64
		{45779F00-D0DD-477B-B1E1-F624B6C86AB9}.DebugwxX|Win32.ActiveCfg = DebugwxX|Win32
		{45779F00-D0DD-477B-B1E1-F624B6C86AB9}.DebugwxX|Win32.Build.0 = DebugwxX|Win32
		{45779F00-D0DD-477B-B1E1-F624B6C86AB9}.DebugwxX|x64.ActiveCfg = DebugwxX|x64
		{45779F00-D0DD-477B-B1E1-F624B6C86AB9}.DebugwxX64|Win32.ActiveCfg = DebugwxX64|Win32
		{45779F00-D0DD-477B-B1E1-F624B6C86AB9}.DebugwxX64|x64.ActiveCfg = DebugwxX64|x64
		{45779F00-D0DD-477B-B1E1-F624B6C86AB9}.DebugwxX64|x64.Build.0 = DebugwxX64|x64
		{45779F00-D0DD-477B-B1E1-F624B6C86AB9}.Releasewx|Win32.ActiveCfg = Releasewx|Win32
		{45779F00-D0DD-477B-B1E1-F624B6C86AB9}.Releasewx|Win32.Build.0 = Releasewx|Win32
		{45779F00-D0DD-477B-B1E1-F624B6C86AB9}.Releasewx|x64.ActiveCfg = Releasewx|x64
		{45779F00-D0DD-477B-B1E1-F624B6C86AB9}.Releasewx64|Win32.ActiveCfg = Releasewx64|Win32
		{45779F00-D0DD-477B-B1E1-F624B6C86AB9}.Releasewx64|x64.ActiveCfg = Releasewx64|x64
		{45779F00-D0DD-477B-B1E1-F624B6C86AB9}.Releasewx64|x64.Build.0 = Releasewx64|x64
		{45779F00-D0DD-477B-B1E1-F624B6C86AB9}.ReleasewxX|Win32.ActiveCfg = ReleasewxX|Win32
		{45779F00-D0DD-477B-B1E1-F624B6C86AB9}.ReleasewxX|Win32.Build.0 = ReleasewxX|Win32
		{45779F00-D0DD-477B-B1E1-F624B6C86AB9}.ReleasewxX|x64.ActiveCfg = ReleasewxX|x64
		{45779F00-D0DD-477B-B1E1-F624B6C86AB9}.ReleasewxX64|Win32.ActiveCfg = ReleasewxX64|Win32
		{45779F00-D0DD-477B-B1E1-F624B6C86AB9}.ReleasewxX64|x64.ActiveCfg = ReleasewxX64|x64
		{45779F00-D0DD-477B-B1E1-F624B6C86AB9}.ReleasewxX64|x64.Build.0 = ReleasewxX64|x64
		{D5DBD8E8-CF48-4CA3-B773-C5F3B3316C73}.Debugwx|Win32.ActiveCfg = Debugwx|Win32
		{D5DBD8E8-CF48-4CA3-B773-C5F3B3316C73}.Debugwx|Win32.Build.0 = Debugwx|Win32
		{D5DBD8E8-CF48-4CA3-B773-C5F3B3316C73}.Debugwx|x64.ActiveCfg = Debug64|x64
		{D5DBD8E8-CF48-4CA3-B773-C5F3B3316C73}.Debugwx64|Win32.ActiveCfg = Debugwx64|Win32
		{D5DBD8E8-CF48-4CA3-B773-C5F3B3316C73}.Debugwx64|x64.ActiveCfg = Debugwx64|x64
		{D5DBD8E8-CF48-4CA3-B773-C5F3B3316C73}.Debugwx64|x64.Build.0 = Debugwx64|x64
		{D5DBD8E8-CF48-4CA3-B773-C5F3B3316C73}.DebugwxX|Win32.ActiveCfg = DebugwxX|Win32
		{D5DBD8E8-CF48-4CA3-B773-C5F3B3316C73}.DebugwxX|Win32.Build.0 = DebugwxX|Win32
		{D5DBD8E8-CF48-4CA3-B773-C5F3B3316C73}.DebugwxX|x64.ActiveCfg = DebugwxX|x64
		{D5DBD8E8-CF48-4CA3-B773-C5F3B3316C73}.DebugwxX64|Win32.ActiveCfg = DebugwxX64|Win32
		{D5DBD8E8-CF48-4CA3-B773-C5F3B3316C73}.DebugwxX64|x64.ActiveCfg = DebugwxX64|x64
		{D5DBD8E8-CF48-4CA3-B773-C5F3B3316C73}.DebugwxX64|x64.Build.0 = DebugwxX64|x64
		{D5DBD8E8-CF48-4CA3-B773-C5F3B3316C73}.Releasewx|Win32.ActiveCfg = Releasewx|Win32
		{D5DBD8E8-CF48-4CA3-B773-C5F3B3316C73}.Releasewx|Win32.Build.0 = Releasewx|Win32
		{D5DBD8E8-CF48-4CA3-B773-C5F3B3316C73}.Releasewx|x64.ActiveCfg = Releasewx|x64
		{D5DBD8E8-CF48-4CA3-B773-C5F3B3316C73}.Releasewx64|Win32.ActiveCfg = Releasewx64|Win32
		{D5DBD8E8-CF48-4CA3-B773-C5F3B3316C73}.Releasewx64|x64.ActiveCfg = Releasewx64|x64
		{D5DBD8E8-CF48-4CA3-B773-C5F3B3316C73}.Releasewx64|x64.Build.0 = Releasewx64|x64
		{D5DBD8E8-CF48-4CA3-B773-C5F3B3316C73}.ReleasewxX|Win32.ActiveCfg = ReleasewxX|Win32
		{D5DBD8E8-CF48-4CA3-B773-C5F3B3316C73}.ReleasewxX|Win32.Build.0 = ReleasewxX|Win32
		{D5DBD8E8-CF48-4CA3-B773-C5F3B3316C73}.ReleasewxX|x64.ActiveCfg = ReleasewxX|x64
		{D5DBD8E8-CF48-4CA3-B773-C5F3B3316C73}.ReleasewxX64|Win32.ActiveCfg = ReleasewxX64|Win32
		{D5DBD8E8-CF48-4CA3-B773-C5F3B3316C73}.ReleasewxX64|x64.ActiveCfg = ReleasewxX64|x64
		{D5DBD8E8-CF48-4CA3-B773-C5F3B3316C73}.ReleasewxX64|x64.Build.0 = ReleasewxX64|x64
	EndGlobalSection
	GlobalSection(SolutionProperties) = preSolution
		HideSolutionNode = FALSE
	EndGlobalSection
EndGlobal
