Microsoft Visual Studio Solution File, Format Version 9.00
# Visual Studio 2005
Project("{8BC9CEB8-8B4A-11D0-8D11-00A0C91BC942}") = "corelib", "corelib\corelib.vcproj", "{261882E8-80AF-4373-A8CC-A8D52E24BF27}"
EndProject
Project("{8BC9CEB8-8B4A-11D0-8D11-00A0C91BC942}") = "corelibtest", "src\test\corelibtest.vcproj", "{0FF1232A-8377-4271-BC22-04E57A39FFB6}"
	ProjectSection(ProjectDependencies) = postProject
		{261882E8-80AF-4373-A8CC-A8D52E24BF27} = {261882E8-80AF-4373-A8CC-A8D52E24BF27}
	EndProjectSection
EndProject
Project("{8BC9CEB8-8B4A-11D0-8D11-00A0C91BC942}") = "pwsafe", "pwsafe.vcproj", "{A3313FA9-CB57-48C2-B660-EE4BF94714D2}"
	ProjectSection(ProjectDependencies) = postProject
		{261882E8-80AF-4373-A8CC-A8D52E24BF27} = {261882E8-80AF-4373-A8CC-A8D52E24BF27}
	EndProjectSection
EndProject
Project("{8BC9CEB8-8B4A-11D0-8D11-00A0C91BC942}") = "languageDLL", "src\language\languageDLL.vcproj", "{FC821168-0D64-45EA-881D-4842A3A670CC}"
EndProject
Global
	GlobalSection(SolutionConfigurationPlatforms) = preSolution
		Debug Unicode|Win32 = Debug Unicode|Win32
		Debug|Win32 = Debug|Win32
		Demo|Win32 = Demo|Win32
		Release|Win32 = Release|Win32
	EndGlobalSection
	GlobalSection(ProjectConfigurationPlatforms) = postSolution
		{261882E8-80AF-4373-A8CC-A8D52E24BF27}.Debug Unicode|Win32.ActiveCfg = Debug|Win32
		{261882E8-80AF-4373-A8CC-A8D52E24BF27}.Debug Unicode|Win32.Build.0 = Debug|Win32
		{261882E8-80AF-4373-A8CC-A8D52E24BF27}.Debug|Win32.ActiveCfg = Debug|Win32
		{261882E8-80AF-4373-A8CC-A8D52E24BF27}.Debug|Win32.Build.0 = Debug|Win32
		{261882E8-80AF-4373-A8CC-A8D52E24BF27}.Demo|Win32.ActiveCfg = Demo|Win32
		{261882E8-80AF-4373-A8CC-A8D52E24BF27}.Demo|Win32.Build.0 = Demo|Win32
		{261882E8-80AF-4373-A8CC-A8D52E24BF27}.Release|Win32.ActiveCfg = Release|Win32
		{261882E8-80AF-4373-A8CC-A8D52E24BF27}.Release|Win32.Build.0 = Release|Win32
		{0FF1232A-8377-4271-BC22-04E57A39FFB6}.Debug Unicode|Win32.ActiveCfg = Debug|Win32
		{0FF1232A-8377-4271-BC22-04E57A39FFB6}.Debug Unicode|Win32.Build.0 = Debug|Win32
		{0FF1232A-8377-4271-BC22-04E57A39FFB6}.Debug|Win32.ActiveCfg = Debug|Win32
		{0FF1232A-8377-4271-BC22-04E57A39FFB6}.Debug|Win32.Build.0 = Debug|Win32
		{0FF1232A-8377-4271-BC22-04E57A39FFB6}.Demo|Win32.ActiveCfg = Demo|Win32
		{0FF1232A-8377-4271-BC22-04E57A39FFB6}.Release|Win32.ActiveCfg = Release|Win32
		{A3313FA9-CB57-48C2-B660-EE4BF94714D2}.Debug Unicode|Win32.ActiveCfg = Debug|Win32
		{A3313FA9-CB57-48C2-B660-EE4BF94714D2}.Debug Unicode|Win32.Build.0 = Debug|Win32
		{A3313FA9-CB57-48C2-B660-EE4BF94714D2}.Debug|Win32.ActiveCfg = Debug|Win32
		{A3313FA9-CB57-48C2-B660-EE4BF94714D2}.Debug|Win32.Build.0 = Debug|Win32
		{A3313FA9-CB57-48C2-B660-EE4BF94714D2}.Demo|Win32.ActiveCfg = Demo|Win32
		{A3313FA9-CB57-48C2-B660-EE4BF94714D2}.Demo|Win32.Build.0 = Demo|Win32
		{A3313FA9-CB57-48C2-B660-EE4BF94714D2}.Release|Win32.ActiveCfg = Release|Win32
		{A3313FA9-CB57-48C2-B660-EE4BF94714D2}.Release|Win32.Build.0 = Release|Win32
		{FC821168-0D64-45EA-881D-4842A3A670CC}.Debug Unicode|Win32.ActiveCfg = Demo|Win32
		{FC821168-0D64-45EA-881D-4842A3A670CC}.Debug Unicode|Win32.Build.0 = Demo|Win32
		{FC821168-0D64-45EA-881D-4842A3A670CC}.Debug|Win32.ActiveCfg = Release|Win32
		{FC821168-0D64-45EA-881D-4842A3A670CC}.Debug|Win32.Build.0 = Release|Win32
		{FC821168-0D64-45EA-881D-4842A3A670CC}.Demo|Win32.ActiveCfg = Demo|Win32
		{FC821168-0D64-45EA-881D-4842A3A670CC}.Demo|Win32.Build.0 = Demo|Win32
		{FC821168-0D64-45EA-881D-4842A3A670CC}.Release|Win32.ActiveCfg = Release|Win32
		{FC821168-0D64-45EA-881D-4842A3A670CC}.Release|Win32.Build.0 = Release|Win32
	EndGlobalSection
	GlobalSection(SolutionProperties) = preSolution
		HideSolutionNode = FALSE
	EndGlobalSection
EndGlobal
