
Microsoft Visual Studio Solution File, Format Version 11.00
# Visual Studio 2010
Project("{8BC9CEB8-8B4A-11D0-8D11-00A0C91BC942}") = "elements", "examples\elements.vcxproj", "{EA685E6B-249C-4EA7-B4EB-39C209EB047D}"
EndProject
Project("{8BC9CEB8-8B4A-11D0-8D11-00A0C91BC942}") = "expat", "lib\expat.vcxproj", "{9251AF11-45B3-4642-AF0F-F96CBC87ECC3}"
EndProject
Project("{8BC9CEB8-8B4A-11D0-8D11-00A0C91BC942}") = "expat_static", "lib\expat_static.vcxproj", "{5D2EFCDC-8D8B-44D7-94D6-8F48FED9E43C}"
EndProject
Project("{8BC9CEB8-8B4A-11D0-8D11-00A0C91BC942}") = "expatw", "lib\expatw.vcxproj", "{CBE427E9-4DAF-4F41-B8F5-8EAE40781302}"
EndProject
Project("{8BC9CEB8-8B4A-11D0-8D11-00A0C91BC942}") = "expatw_static", "lib\expatw_static.vcxproj", "{66DC7DAE-6276-40BD-B574-F79E18324CC5}"
EndProject
Project("{8BC9CEB8-8B4A-11D0-8D11-00A0C91BC942}") = "outline", "examples\outline.vcxproj", "{8D34578E-BF17-4E84-A02E-D453BEF512FB}"
EndProject
Project("{8BC9CEB8-8B4A-11D0-8D11-00A0C91BC942}") = "xmlwf", "xmlwf\xmlwf.vcxproj", "{B7F16F39-900B-43BC-BF6E-04E05458D1A7}"
EndProject
Global
	GlobalSection(SolutionConfigurationPlatforms) = preSolution
		Debug|Win32 = Debug|Win32
		Release|Win32 = Release|Win32
	EndGlobalSection
	GlobalSection(ProjectConfigurationPlatforms) = postSolution
		{EA685E6B-249C-4EA7-B4EB-39C209EB047D}.Debug|Win32.ActiveCfg = Debug|Win32
		{EA685E6B-249C-4EA7-B4EB-39C209EB047D}.Debug|Win32.Build.0 = Debug|Win32
		{EA685E6B-249C-4EA7-B4EB-39C209EB047D}.Release|Win32.ActiveCfg = Release|Win32
		{EA685E6B-249C-4EA7-B4EB-39C209EB047D}.Release|Win32.Build.0 = Release|Win32
		{9251AF11-45B3-4642-AF0F-F96CBC87ECC3}.Debug|Win32.ActiveCfg = Debug|Win32
		{9251AF11-45B3-4642-AF0F-F96CBC87ECC3}.Debug|Win32.Build.0 = Debug|Win32
		{9251AF11-45B3-4642-AF0F-F96CBC87ECC3}.Release|Win32.ActiveCfg = Release|Win32
		{9251AF11-45B3-4642-AF0F-F96CBC87ECC3}.Release|Win32.Build.0 = Release|Win32
		{5D2EFCDC-8D8B-44D7-94D6-8F48FED9E43C}.Debug|Win32.ActiveCfg = Debug|Win32
		{5D2EFCDC-8D8B-44D7-94D6-8F48FED9E43C}.Debug|Win32.Build.0 = Debug|Win32
		{5D2EFCDC-8D8B-44D7-94D6-8F48FED9E43C}.Release|Win32.ActiveCfg = Release|Win32
		{5D2EFCDC-8D8B-44D7-94D6-8F48FED9E43C}.Release|Win32.Build.0 = Release|Win32
		{CBE427E9-4DAF-4F41-B8F5-8EAE40781302}.Debug|Win32.ActiveCfg = Debug|Win32
		{CBE427E9-4DAF-4F41-B8F5-8EAE40781302}.Debug|Win32.Build.0 = Debug|Win32
		{CBE427E9-4DAF-4F41-B8F5-8EAE40781302}.Release|Win32.ActiveCfg = Release|Win32
		{CBE427E9-4DAF-4F41-B8F5-8EAE40781302}.Release|Win32.Build.0 = Release|Win32
		{66DC7DAE-6276-40BD-B574-F79E18324CC5}.Debug|Win32.ActiveCfg = Debug|Win32
		{66DC7DAE-6276-40BD-B574-F79E18324CC5}.Debug|Win32.Build.0 = Debug|Win32
		{66DC7DAE-6276-40BD-B574-F79E18324CC5}.Release|Win32.ActiveCfg = Release|Win32
		{66DC7DAE-6276-40BD-B574-F79E18324CC5}.Release|Win32.Build.0 = Release|Win32
		{8D34578E-BF17-4E84-A02E-D453BEF512FB}.Debug|Win32.ActiveCfg = Debug|Win32
		{8D34578E-BF17-4E84-A02E-D453BEF512FB}.Debug|Win32.Build.0 = Debug|Win32
		{8D34578E-BF17-4E84-A02E-D453BEF512FB}.Release|Win32.ActiveCfg = Release|Win32
		{8D34578E-BF17-4E84-A02E-D453BEF512FB}.Release|Win32.Build.0 = Release|Win32
		{B7F16F39-900B-43BC-BF6E-04E05458D1A7}.Debug|Win32.ActiveCfg = Debug|Win32
		{B7F16F39-900B-43BC-BF6E-04E05458D1A7}.Debug|Win32.Build.0 = Debug|Win32
		{B7F16F39-900B-43BC-BF6E-04E05458D1A7}.Release|Win32.ActiveCfg = Release|Win32
		{B7F16F39-900B-43BC-BF6E-04E05458D1A7}.Release|Win32.Build.0 = Release|Win32
	EndGlobalSection
	GlobalSection(SolutionProperties) = preSolution
		HideSolutionNode = FALSE
	EndGlobalSection
EndGlobal
