Microsoft Visual Studio Solution File, Format Version 9.00
# Visual Studio 2005
Project("{8BC9CEB8-8B4A-11D0-8D11-00A0C91BC942}") = "corelib", "src\corelib\corelib.vcproj", "{261882E8-80AF-4373-A8CC-A8D52E24BF27}"
EndProject
Project("{8BC9CEB8-8B4A-11D0-8D11-00A0C91BC942}") = "corelibtest", "src\test\corelibtest.vcproj", "{0FF1232A-8377-4271-BC22-04E57A39FFB6}"
	ProjectSection(ProjectDependencies) = postProject
		{261882E8-80AF-4373-A8CC-A8D52E24BF27} = {261882E8-80AF-4373-A8CC-A8D52E24BF27}
	EndProjectSection
EndProject
Project("{8BC9CEB8-8B4A-11D0-8D11-00A0C91BC942}") = "pwsafe", "src\ui\Windows\pwsafe.vcproj", "{A3313FA9-CB57-48C2-B660-EE4BF94714D2}"
	ProjectSection(ProjectDependencies) = postProject
		{261882E8-80AF-4373-A8CC-A8D52E24BF27} = {261882E8-80AF-4373-A8CC-A8D52E24BF27}
	EndProjectSection
EndProject
Project("{8BC9CEB8-8B4A-11D0-8D11-00A0C91BC942}") = "languageDLL", "src\ui\Windows\language\languageDLL.vcproj", "{FC821168-0D64-45EA-881D-4842A3A670CC}"
EndProject
Project("{8BC9CEB8-8B4A-11D0-8D11-00A0C91BC942}") = "os", "src\os\windows\os.vcproj", "{D5DBD8E8-CF48-4CA3-B773-C5F3B3316C73}"
EndProject
Global
	GlobalSection(SolutionConfigurationPlatforms) = preSolution
		Debug|Win32 = Debug|Win32
		DebugE|Win32 = DebugE|Win32
		DebugM|Win32 = DebugM|Win32
		DebugX|Win32 = DebugX|Win32
		Demo|Win32 = Demo|Win32
		NU-Debug|Win32 = NU-Debug|Win32
		NU-DebugE|Win32 = NU-DebugE|Win32
		NU-DebugM|Win32 = NU-DebugM|Win32
		NU-DebugX|Win32 = NU-DebugX|Win32
		NU-Release|Win32 = NU-Release|Win32
		NU-ReleaseE|Win32 = NU-ReleaseE|Win32
		NU-ReleaseM|Win32 = NU-ReleaseM|Win32
		NU-ReleaseX|Win32 = NU-ReleaseX|Win32
		Release|Win32 = Release|Win32
		ReleaseE|Win32 = ReleaseE|Win32
		ReleaseM|Win32 = ReleaseM|Win32
		ReleaseX|Win32 = ReleaseX|Win32
	EndGlobalSection
	GlobalSection(ProjectConfigurationPlatforms) = postSolution
		{261882E8-80AF-4373-A8CC-A8D52E24BF27}.Debug|Win32.ActiveCfg = Debug|Win32
		{261882E8-80AF-4373-A8CC-A8D52E24BF27}.Debug|Win32.Build.0 = Debug|Win32
		{261882E8-80AF-4373-A8CC-A8D52E24BF27}.DebugE|Win32.ActiveCfg = DebugE|Win32
		{261882E8-80AF-4373-A8CC-A8D52E24BF27}.DebugE|Win32.Build.0 = DebugE|Win32
		{261882E8-80AF-4373-A8CC-A8D52E24BF27}.DebugM|Win32.ActiveCfg = DebugM|Win32
		{261882E8-80AF-4373-A8CC-A8D52E24BF27}.DebugM|Win32.Build.0 = DebugM|Win32
		{261882E8-80AF-4373-A8CC-A8D52E24BF27}.DebugX|Win32.ActiveCfg = DebugX|Win32
		{261882E8-80AF-4373-A8CC-A8D52E24BF27}.DebugX|Win32.Build.0 = DebugX|Win32
		{261882E8-80AF-4373-A8CC-A8D52E24BF27}.Demo|Win32.ActiveCfg = Demo|Win32
		{261882E8-80AF-4373-A8CC-A8D52E24BF27}.Demo|Win32.Build.0 = Demo|Win32
		{261882E8-80AF-4373-A8CC-A8D52E24BF27}.NU-Debug|Win32.ActiveCfg = NU-Debug|Win32
		{261882E8-80AF-4373-A8CC-A8D52E24BF27}.NU-Debug|Win32.Build.0 = NU-Debug|Win32
		{261882E8-80AF-4373-A8CC-A8D52E24BF27}.NU-DebugE|Win32.ActiveCfg = NU-DebugE|Win32
		{261882E8-80AF-4373-A8CC-A8D52E24BF27}.NU-DebugE|Win32.Build.0 = NU-DebugE|Win32
		{261882E8-80AF-4373-A8CC-A8D52E24BF27}.NU-DebugM|Win32.ActiveCfg = NU-DebugM|Win32
		{261882E8-80AF-4373-A8CC-A8D52E24BF27}.NU-DebugM|Win32.Build.0 = NU-DebugM|Win32
		{261882E8-80AF-4373-A8CC-A8D52E24BF27}.NU-DebugX|Win32.ActiveCfg = NU-DebugX|Win32
		{261882E8-80AF-4373-A8CC-A8D52E24BF27}.NU-DebugX|Win32.Build.0 = NU-DebugX|Win32
		{261882E8-80AF-4373-A8CC-A8D52E24BF27}.NU-Release|Win32.ActiveCfg = NU-Release|Win32
		{261882E8-80AF-4373-A8CC-A8D52E24BF27}.NU-Release|Win32.Build.0 = NU-Release|Win32
		{261882E8-80AF-4373-A8CC-A8D52E24BF27}.NU-ReleaseE|Win32.ActiveCfg = NU-ReleaseE|Win32
		{261882E8-80AF-4373-A8CC-A8D52E24BF27}.NU-ReleaseE|Win32.Build.0 = NU-ReleaseE|Win32
		{261882E8-80AF-4373-A8CC-A8D52E24BF27}.NU-ReleaseM|Win32.ActiveCfg = NU-ReleaseM|Win32
		{261882E8-80AF-4373-A8CC-A8D52E24BF27}.NU-ReleaseM|Win32.Build.0 = NU-ReleaseM|Win32
		{261882E8-80AF-4373-A8CC-A8D52E24BF27}.NU-ReleaseX|Win32.ActiveCfg = NU-ReleaseX|Win32
		{261882E8-80AF-4373-A8CC-A8D52E24BF27}.NU-ReleaseX|Win32.Build.0 = NU-ReleaseX|Win32
		{261882E8-80AF-4373-A8CC-A8D52E24BF27}.Release|Win32.ActiveCfg = Release|Win32
		{261882E8-80AF-4373-A8CC-A8D52E24BF27}.Release|Win32.Build.0 = Release|Win32
		{261882E8-80AF-4373-A8CC-A8D52E24BF27}.ReleaseE|Win32.ActiveCfg = ReleaseE|Win32
		{261882E8-80AF-4373-A8CC-A8D52E24BF27}.ReleaseE|Win32.Build.0 = ReleaseE|Win32
		{261882E8-80AF-4373-A8CC-A8D52E24BF27}.ReleaseM|Win32.ActiveCfg = ReleaseM|Win32
		{261882E8-80AF-4373-A8CC-A8D52E24BF27}.ReleaseM|Win32.Build.0 = ReleaseM|Win32
		{261882E8-80AF-4373-A8CC-A8D52E24BF27}.ReleaseX|Win32.ActiveCfg = ReleaseX|Win32
		{261882E8-80AF-4373-A8CC-A8D52E24BF27}.ReleaseX|Win32.Build.0 = ReleaseX|Win32
		{0FF1232A-8377-4271-BC22-04E57A39FFB6}.Debug|Win32.ActiveCfg = Debug|Win32
		{0FF1232A-8377-4271-BC22-04E57A39FFB6}.DebugE|Win32.ActiveCfg = Debug|Win32
		{0FF1232A-8377-4271-BC22-04E57A39FFB6}.DebugM|Win32.ActiveCfg = Debug|Win32
		{0FF1232A-8377-4271-BC22-04E57A39FFB6}.DebugM|Win32.Build.0 = Debug|Win32
		{0FF1232A-8377-4271-BC22-04E57A39FFB6}.DebugX|Win32.ActiveCfg = Debug|Win32
		{0FF1232A-8377-4271-BC22-04E57A39FFB6}.Demo|Win32.ActiveCfg = Debug|Win32
		{0FF1232A-8377-4271-BC22-04E57A39FFB6}.NU-Debug|Win32.ActiveCfg = NU-Debug|Win32
		{0FF1232A-8377-4271-BC22-04E57A39FFB6}.NU-DebugE|Win32.ActiveCfg = NU-Debug|Win32
		{0FF1232A-8377-4271-BC22-04E57A39FFB6}.NU-DebugM|Win32.ActiveCfg = NU-Debug|Win32
		{0FF1232A-8377-4271-BC22-04E57A39FFB6}.NU-DebugM|Win32.Build.0 = NU-Debug|Win32
		{0FF1232A-8377-4271-BC22-04E57A39FFB6}.NU-DebugX|Win32.ActiveCfg = NU-Debug|Win32
		{0FF1232A-8377-4271-BC22-04E57A39FFB6}.NU-Release|Win32.ActiveCfg = NU-Release|Win32
		{0FF1232A-8377-4271-BC22-04E57A39FFB6}.NU-ReleaseE|Win32.ActiveCfg = NU-Release|Win32
		{0FF1232A-8377-4271-BC22-04E57A39FFB6}.NU-ReleaseM|Win32.ActiveCfg = NU-Release|Win32
		{0FF1232A-8377-4271-BC22-04E57A39FFB6}.NU-ReleaseX|Win32.ActiveCfg = NU-Release|Win32
		{0FF1232A-8377-4271-BC22-04E57A39FFB6}.Release|Win32.ActiveCfg = Release|Win32
		{0FF1232A-8377-4271-BC22-04E57A39FFB6}.ReleaseE|Win32.ActiveCfg = Release|Win32
		{0FF1232A-8377-4271-BC22-04E57A39FFB6}.ReleaseM|Win32.ActiveCfg = Release|Win32
		{0FF1232A-8377-4271-BC22-04E57A39FFB6}.ReleaseX|Win32.ActiveCfg = Release|Win32
		{A3313FA9-CB57-48C2-B660-EE4BF94714D2}.Debug|Win32.ActiveCfg = Debug|Win32
		{A3313FA9-CB57-48C2-B660-EE4BF94714D2}.Debug|Win32.Build.0 = Debug|Win32
		{A3313FA9-CB57-48C2-B660-EE4BF94714D2}.DebugE|Win32.ActiveCfg = DebugE|Win32
		{A3313FA9-CB57-48C2-B660-EE4BF94714D2}.DebugE|Win32.Build.0 = DebugE|Win32
		{A3313FA9-CB57-48C2-B660-EE4BF94714D2}.DebugM|Win32.ActiveCfg = DebugM|Win32
		{A3313FA9-CB57-48C2-B660-EE4BF94714D2}.DebugM|Win32.Build.0 = DebugM|Win32
		{A3313FA9-CB57-48C2-B660-EE4BF94714D2}.DebugX|Win32.ActiveCfg = DebugX|Win32
		{A3313FA9-CB57-48C2-B660-EE4BF94714D2}.DebugX|Win32.Build.0 = DebugX|Win32
		{A3313FA9-CB57-48C2-B660-EE4BF94714D2}.Demo|Win32.ActiveCfg = Demo|Win32
		{A3313FA9-CB57-48C2-B660-EE4BF94714D2}.Demo|Win32.Build.0 = Demo|Win32
		{A3313FA9-CB57-48C2-B660-EE4BF94714D2}.NU-Debug|Win32.ActiveCfg = NU-Debug|Win32
		{A3313FA9-CB57-48C2-B660-EE4BF94714D2}.NU-Debug|Win32.Build.0 = NU-Debug|Win32
		{A3313FA9-CB57-48C2-B660-EE4BF94714D2}.NU-DebugE|Win32.ActiveCfg = NU-DebugE|Win32
		{A3313FA9-CB57-48C2-B660-EE4BF94714D2}.NU-DebugE|Win32.Build.0 = NU-DebugE|Win32
		{A3313FA9-CB57-48C2-B660-EE4BF94714D2}.NU-DebugM|Win32.ActiveCfg = NU-DebugM|Win32
		{A3313FA9-CB57-48C2-B660-EE4BF94714D2}.NU-DebugM|Win32.Build.0 = NU-DebugM|Win32
		{A3313FA9-CB57-48C2-B660-EE4BF94714D2}.NU-DebugX|Win32.ActiveCfg = NU-DebugX|Win32
		{A3313FA9-CB57-48C2-B660-EE4BF94714D2}.NU-DebugX|Win32.Build.0 = NU-DebugX|Win32
		{A3313FA9-CB57-48C2-B660-EE4BF94714D2}.NU-Release|Win32.ActiveCfg = NU-Release|Win32
		{A3313FA9-CB57-48C2-B660-EE4BF94714D2}.NU-Release|Win32.Build.0 = NU-Release|Win32
		{A3313FA9-CB57-48C2-B660-EE4BF94714D2}.NU-ReleaseE|Win32.ActiveCfg = NU-ReleaseE|Win32
		{A3313FA9-CB57-48C2-B660-EE4BF94714D2}.NU-ReleaseE|Win32.Build.0 = NU-ReleaseE|Win32
		{A3313FA9-CB57-48C2-B660-EE4BF94714D2}.NU-ReleaseM|Win32.ActiveCfg = NU-ReleaseM|Win32
		{A3313FA9-CB57-48C2-B660-EE4BF94714D2}.NU-ReleaseM|Win32.Build.0 = NU-ReleaseM|Win32
		{A3313FA9-CB57-48C2-B660-EE4BF94714D2}.NU-ReleaseX|Win32.ActiveCfg = NU-ReleaseX|Win32
		{A3313FA9-CB57-48C2-B660-EE4BF94714D2}.NU-ReleaseX|Win32.Build.0 = NU-ReleaseX|Win32
		{A3313FA9-CB57-48C2-B660-EE4BF94714D2}.Release|Win32.ActiveCfg = Release|Win32
		{A3313FA9-CB57-48C2-B660-EE4BF94714D2}.Release|Win32.Build.0 = Release|Win32
		{A3313FA9-CB57-48C2-B660-EE4BF94714D2}.ReleaseE|Win32.ActiveCfg = ReleaseE|Win32
		{A3313FA9-CB57-48C2-B660-EE4BF94714D2}.ReleaseE|Win32.Build.0 = ReleaseE|Win32
		{A3313FA9-CB57-48C2-B660-EE4BF94714D2}.ReleaseM|Win32.ActiveCfg = ReleaseM|Win32
		{A3313FA9-CB57-48C2-B660-EE4BF94714D2}.ReleaseM|Win32.Build.0 = ReleaseM|Win32
		{A3313FA9-CB57-48C2-B660-EE4BF94714D2}.ReleaseX|Win32.ActiveCfg = ReleaseX|Win32
		{A3313FA9-CB57-48C2-B660-EE4BF94714D2}.ReleaseX|Win32.Build.0 = ReleaseX|Win32
		{FC821168-0D64-45EA-881D-4842A3A670CC}.Debug|Win32.ActiveCfg = Release|Win32
		{FC821168-0D64-45EA-881D-4842A3A670CC}.DebugE|Win32.ActiveCfg = Release|Win32
		{FC821168-0D64-45EA-881D-4842A3A670CC}.DebugM|Win32.ActiveCfg = Release|Win32
		{FC821168-0D64-45EA-881D-4842A3A670CC}.DebugX|Win32.ActiveCfg = Release|Win32
		{FC821168-0D64-45EA-881D-4842A3A670CC}.Demo|Win32.ActiveCfg = Release|Win32
		{FC821168-0D64-45EA-881D-4842A3A670CC}.NU-Debug|Win32.ActiveCfg = Release|Win32
		{FC821168-0D64-45EA-881D-4842A3A670CC}.NU-DebugE|Win32.ActiveCfg = Release|Win32
		{FC821168-0D64-45EA-881D-4842A3A670CC}.NU-DebugM|Win32.ActiveCfg = Release|Win32
		{FC821168-0D64-45EA-881D-4842A3A670CC}.NU-DebugX|Win32.ActiveCfg = Release|Win32
		{FC821168-0D64-45EA-881D-4842A3A670CC}.NU-Release|Win32.ActiveCfg = Release|Win32
		{FC821168-0D64-45EA-881D-4842A3A670CC}.NU-ReleaseE|Win32.ActiveCfg = Release|Win32
		{FC821168-0D64-45EA-881D-4842A3A670CC}.NU-ReleaseM|Win32.ActiveCfg = Release|Win32
		{FC821168-0D64-45EA-881D-4842A3A670CC}.NU-ReleaseX|Win32.ActiveCfg = Release|Win32
		{FC821168-0D64-45EA-881D-4842A3A670CC}.Release|Win32.ActiveCfg = Release|Win32
		{FC821168-0D64-45EA-881D-4842A3A670CC}.Release|Win32.Build.0 = Release|Win32
		{FC821168-0D64-45EA-881D-4842A3A670CC}.ReleaseE|Win32.ActiveCfg = Release|Win32
		{FC821168-0D64-45EA-881D-4842A3A670CC}.ReleaseM|Win32.ActiveCfg = Release|Win32
		{FC821168-0D64-45EA-881D-4842A3A670CC}.ReleaseX|Win32.ActiveCfg = Release|Win32
		{D5DBD8E8-CF48-4CA3-B773-C5F3B3316C73}.Debug|Win32.ActiveCfg = Debug|Win32
		{D5DBD8E8-CF48-4CA3-B773-C5F3B3316C73}.Debug|Win32.Build.0 = Debug|Win32
		{D5DBD8E8-CF48-4CA3-B773-C5F3B3316C73}.DebugE|Win32.ActiveCfg = DebugE|Win32
		{D5DBD8E8-CF48-4CA3-B773-C5F3B3316C73}.DebugE|Win32.Build.0 = DebugE|Win32
		{D5DBD8E8-CF48-4CA3-B773-C5F3B3316C73}.DebugM|Win32.ActiveCfg = DebugM|Win32
		{D5DBD8E8-CF48-4CA3-B773-C5F3B3316C73}.DebugM|Win32.Build.0 = DebugM|Win32
		{D5DBD8E8-CF48-4CA3-B773-C5F3B3316C73}.DebugX|Win32.ActiveCfg = DebugX|Win32
		{D5DBD8E8-CF48-4CA3-B773-C5F3B3316C73}.DebugX|Win32.Build.0 = DebugX|Win32
		{D5DBD8E8-CF48-4CA3-B773-C5F3B3316C73}.Demo|Win32.ActiveCfg = Demo|Win32
		{D5DBD8E8-CF48-4CA3-B773-C5F3B3316C73}.Demo|Win32.Build.0 = Demo|Win32
		{D5DBD8E8-CF48-4CA3-B773-C5F3B3316C73}.NU-Debug|Win32.ActiveCfg = NU-Debug|Win32
		{D5DBD8E8-CF48-4CA3-B773-C5F3B3316C73}.NU-Debug|Win32.Build.0 = NU-Debug|Win32
		{D5DBD8E8-CF48-4CA3-B773-C5F3B3316C73}.NU-DebugE|Win32.ActiveCfg = NU-DebugE|Win32
		{D5DBD8E8-CF48-4CA3-B773-C5F3B3316C73}.NU-DebugE|Win32.Build.0 = NU-DebugE|Win32
		{D5DBD8E8-CF48-4CA3-B773-C5F3B3316C73}.NU-DebugM|Win32.ActiveCfg = NU-DebugM|Win32
		{D5DBD8E8-CF48-4CA3-B773-C5F3B3316C73}.NU-DebugM|Win32.Build.0 = NU-DebugM|Win32
		{D5DBD8E8-CF48-4CA3-B773-C5F3B3316C73}.NU-DebugX|Win32.ActiveCfg = NU-DebugX|Win32
		{D5DBD8E8-CF48-4CA3-B773-C5F3B3316C73}.NU-DebugX|Win32.Build.0 = NU-DebugX|Win32
		{D5DBD8E8-CF48-4CA3-B773-C5F3B3316C73}.NU-Release|Win32.ActiveCfg = NU-Release|Win32
		{D5DBD8E8-CF48-4CA3-B773-C5F3B3316C73}.NU-Release|Win32.Build.0 = NU-Release|Win32
		{D5DBD8E8-CF48-4CA3-B773-C5F3B3316C73}.NU-ReleaseE|Win32.ActiveCfg = NU-ReleaseE|Win32
		{D5DBD8E8-CF48-4CA3-B773-C5F3B3316C73}.NU-ReleaseE|Win32.Build.0 = NU-ReleaseE|Win32
		{D5DBD8E8-CF48-4CA3-B773-C5F3B3316C73}.NU-ReleaseM|Win32.ActiveCfg = NU-ReleaseM|Win32
		{D5DBD8E8-CF48-4CA3-B773-C5F3B3316C73}.NU-ReleaseM|Win32.Build.0 = NU-ReleaseM|Win32
		{D5DBD8E8-CF48-4CA3-B773-C5F3B3316C73}.NU-ReleaseX|Win32.ActiveCfg = NU-ReleaseX|Win32
		{D5DBD8E8-CF48-4CA3-B773-C5F3B3316C73}.NU-ReleaseX|Win32.Build.0 = NU-ReleaseX|Win32
		{D5DBD8E8-CF48-4CA3-B773-C5F3B3316C73}.Release|Win32.ActiveCfg = Release|Win32
		{D5DBD8E8-CF48-4CA3-B773-C5F3B3316C73}.Release|Win32.Build.0 = Release|Win32
		{D5DBD8E8-CF48-4CA3-B773-C5F3B3316C73}.ReleaseE|Win32.ActiveCfg = ReleaseE|Win32
		{D5DBD8E8-CF48-4CA3-B773-C5F3B3316C73}.ReleaseE|Win32.Build.0 = ReleaseE|Win32
		{D5DBD8E8-CF48-4CA3-B773-C5F3B3316C73}.ReleaseM|Win32.ActiveCfg = ReleaseM|Win32
		{D5DBD8E8-CF48-4CA3-B773-C5F3B3316C73}.ReleaseM|Win32.Build.0 = ReleaseM|Win32
		{D5DBD8E8-CF48-4CA3-B773-C5F3B3316C73}.ReleaseX|Win32.ActiveCfg = ReleaseX|Win32
		{D5DBD8E8-CF48-4CA3-B773-C5F3B3316C73}.ReleaseX|Win32.Build.0 = ReleaseX|Win32
	EndGlobalSection
	GlobalSection(SolutionProperties) = preSolution
		HideSolutionNode = FALSE
	EndGlobalSection
EndGlobal
