<?xml version="1.0" encoding="UTF-8" standalone="yes" ?>
<CodeBlocks_project_file>
	<FileVersion major="1" minor="6" />
	<Project>
		<Option title="os" />
		<Option pch_mode="2" />
		<Option compiler="gcc" />
		<Build>
			<Target title="Debug_L64">
				<Option platforms="Unix;" />
				<Option output="libos" prefix_auto="1" extension_auto="1" />
				<Option working_dir="" />
				<Option object_output="obj/Debug/" />
				<Option type="2" />
				<Option compiler="gcc" />
				<Option createDefFile="1" />
				<Compiler>
					<Add option="-Wshadow" />
					<Add option="-Winit-self" />
					<Add option="-Wswitch-default" />
					<Add option="-pedantic" />
					<Add option="-Wextra" />
					<Add option="-Wall" />
					<Add option="-g" />
					<Add option="-fPIC" />
					<Add option="-m64" />
					<Add option="-Wformat=2" />
					<Add option="-Wcast-qual" />
					<Add option="-D_DEBUG" />
					<Add option="-DDEBUG" />
					<Add directory="../../src" />
					<Add directory="../../src/corelib" />
				</Compiler>
				<Linker>
					<Add option="-m64" />
				</Linker>
			</Target>
		</Build>
		<Compiler>
			<Add option="-DUNICODE" />
		</Compiler>
		<Unit filename="../../src/os/KeySend.h" />
		<Unit filename="../../src/os/debug.h" />
		<Unit filename="../../src/os/dir.h" />
		<Unit filename="../../src/os/env.h" />
		<Unit filename="../../src/os/file.h" />
		<Unit filename="../../src/os/linux/KeySend.cpp" />
		<Unit filename="../../src/os/linux/debug.cpp" />
		<Unit filename="../../src/os/linux/dir.cpp" />
		<Unit filename="../../src/os/linux/env.cpp" />
		<Unit filename="../../src/os/linux/file.cpp" />
		<Unit filename="../../src/os/linux/mem.cpp" />
		<Unit filename="../../src/os/linux/pws_str.cpp" />
		<Unit filename="../../src/os/linux/pws_str.h" />
		<Unit filename="../../src/os/linux/pws_time.cpp" />
		<Unit filename="../../src/os/linux/pws_time.h" />
		<Unit filename="../../src/os/linux/rand.cpp" />
		<Unit filename="../../src/os/linux/registry.cpp" />
		<Unit filename="../../src/os/linux/run.cpp" />
		<Unit filename="../../src/os/linux/sleep.cpp" />
		<Unit filename="../../src/os/linux/utf8conv.cpp" />
		<Unit filename="../../src/os/linux/xsendstring.cpp" />
		<Unit filename="../../src/os/linux/xsendstring.h" />
		<Unit filename="../../src/os/mem.h" />
		<Unit filename="../../src/os/pws_str.h" />
		<Unit filename="../../src/os/pws_tchar.h" />
		<Unit filename="../../src/os/rand.h" />
		<Unit filename="../../src/os/registry.h" />
		<Unit filename="../../src/os/run.h" />
		<Unit filename="../../src/os/sleep.h" />
		<Unit filename="../../src/os/typedefs.h" />
		<Unit filename="../../src/os/utf8conv.h" />
		<Extensions>
			<envvars />
			<code_completion />
			<debugger />
		</Extensions>
	</Project>
</CodeBlocks_project_file>
