
Microsoft Visual Studio Solution File, Format Version 9.00
# Visual Studio 2005
Project("{FAE04EC0-301F-11D3-BF4B-00C04F79EFBC}") = "VK Data Generator", "VK_DataGen\VK_DataGen.csproj", "{ABE9DA51-D9AC-4B9A-BF7C-C5A8B0DA2660}"
EndProject
Global
	GlobalSection(SolutionConfigurationPlatforms) = preSolution
		Debug|Any CPU = Debug|Any CPU
		Release|Any CPU = Release|Any CPU
	EndGlobalSection
	GlobalSection(ProjectConfigurationPlatforms) = postSolution
		{ABE9DA51-D9AC-4B9A-BF7C-C5A8B0DA2660}.Debug|Any CPU.ActiveCfg = Debug|Any CPU
		{ABE9DA51-D9AC-4B9A-BF7C-C5A8B0DA2660}.Debug|Any CPU.Build.0 = Debug|Any CPU
		{ABE9DA51-D9AC-4B9A-BF7C-C5A8B0DA2660}.Release|Any CPU.ActiveCfg = Release|Any CPU
		{ABE9DA51-D9AC-4B9A-BF7C-C5A8B0DA2660}.Release|Any CPU.Build.0 = Release|Any CPU
	EndGlobalSection
	GlobalSection(SolutionProperties) = preSolution
		HideSolutionNode = FALSE
	EndGlobalSection
EndGlobal
