<?xml version="1.0" encoding="utf-8"?>
<Project ToolsVersion="4.0" xmlns="http://schemas.microsoft.com/developer/msbuild/2003">
  <ItemGroup>
    <Filter Include="Header Files">
      <UniqueIdentifier>{93995380-89BD-4b04-88EB-625FBE52EBFB}</UniqueIdentifier>
      <Extensions>h;hpp;hxx;hm;inl;inc;xsd</Extensions>
    </Filter>
    <Filter Include="Resource Files">
      <UniqueIdentifier>{67DA6AB6-F800-4c08-8B7A-83BB121AAD01}</UniqueIdentifier>
      <Extensions>rc;ico;cur;bmp;dlg;rc2;rct;bin;rgs;gif;jpg;jpeg;jpe;resx</Extensions>
    </Filter>
    <Filter Include="Source Files">
      <UniqueIdentifier>{4FC737F1-C7A5-4376-A066-2A32D752A2FF}</UniqueIdentifier>
      <Extensions>cpp;c;cc;cxx;def;odl;idl;hpj;bat;asm;asmx</Extensions>
    </Filter>
  </ItemGroup>
  <ItemGroup>
    <ClInclude Include="..\debug.h">
      <Filter>Header Files</Filter>
    </ClInclude>
    <ClInclude Include="..\dir.h">
      <Filter>Header Files</Filter>
    </ClInclude>
    <ClInclude Include="..\env.h">
      <Filter>Header Files</Filter>
    </ClInclude>
    <ClInclude Include="..\file.h">
      <Filter>Header Files</Filter>
    </ClInclude>
    <ClInclude Include="..\KeySend.h">
      <Filter>Header Files</Filter>
    </ClInclude>
    <ClInclude Include="..\mem.h">
      <Filter>Header Files</Filter>
    </ClInclude>
    <ClInclude Include="..\pws_str.h">
      <Filter>Header Files</Filter>
    </ClInclude>
    <ClInclude Include="..\pws_tchar.h">
      <Filter>Header Files</Filter>
    </ClInclude>
    <ClInclude Include="..\rand.h">
      <Filter>Header Files</Filter>
    </ClInclude>
    <ClInclude Include="..\registry.h">
      <Filter>Header Files</Filter>
    </ClInclude>
    <ClInclude Include="..\run.h">
      <Filter>Header Files</Filter>
    </ClInclude>
    <ClInclude Include="..\sleep.h">
      <Filter>Header Files</Filter>
    </ClInclude>
    <ClInclude Include="..\typedefs.h">
      <Filter>Header Files</Filter>
    </ClInclude>
    <ClInclude Include="..\utf8conv.h">
      <Filter>Header Files</Filter>
    </ClInclude>
    <ClInclude Include="..\UUID.h">
      <Filter>Header Files</Filter>
    </ClInclude>
    <ClInclude Include="..\logit.h">
      <Filter>Header Files</Filter>
    </ClInclude>
    <ClInclude Include="..\lib.h">
      <Filter>Header Files</Filter>
    </ClInclude>
    <ClInclude Include="..\media.h">
      <Filter>Header Files</Filter>
    </ClInclude>
    <ClInclude Include="..\cleanup.h">
      <Filter>Header Files</Filter>
    </ClInclude>
  </ItemGroup>
  <ItemGroup>
    <ClCompile Include="debug.cpp">
      <Filter>Source Files</Filter>
    </ClCompile>
    <ClCompile Include="dir.cpp">
      <Filter>Source Files</Filter>
    </ClCompile>
    <ClCompile Include="env.cpp">
      <Filter>Source Files</Filter>
    </ClCompile>
    <ClCompile Include="file.cpp">
      <Filter>Source Files</Filter>
    </ClCompile>
    <ClCompile Include="KeySend.cpp">
      <Filter>Source Files</Filter>
    </ClCompile>
    <ClCompile Include="mem.cpp">
      <Filter>Source Files</Filter>
    </ClCompile>
    <ClCompile Include="rand.cpp">
      <Filter>Source Files</Filter>
    </ClCompile>
    <ClCompile Include="registry.cpp">
      <Filter>Source Files</Filter>
    </ClCompile>
    <ClCompile Include="run.cpp">
      <Filter>Source Files</Filter>
    </ClCompile>
    <ClCompile Include="sleep.cpp">
      <Filter>Source Files</Filter>
    </ClCompile>
    <ClCompile Include="utf8conv.cpp">
      <Filter>Source Files</Filter>
    </ClCompile>
    <ClCompile Include="UUID.cpp">
      <Filter>Source Files</Filter>
    </ClCompile>
    <ClCompile Include="logit.cpp">
      <Filter>Source Files</Filter>
    </ClCompile>
    <ClCompile Include="lib.cpp">
      <Filter>Source Files</Filter>
    </ClCompile>
    <ClCompile Include="media.cpp">
      <Filter>Source Files</Filter>
    </ClCompile>
    <ClCompile Include="cleanup.cpp">
      <Filter>Source Files</Filter>
    </ClCompile>
  </ItemGroup>
</Project>