<?xml version="1.0" encoding="utf-8"?>
<Project ToolsVersion="4.0" xmlns="http://schemas.microsoft.com/developer/msbuild/2003">
  <ItemGroup>
    <Filter Include="Header Files">
      <UniqueIdentifier>{93995380-89BD-4b04-88EB-625FBE52EBFB}</UniqueIdentifier>
      <Extensions>h;hpp;hxx;hm;inl;inc;xsd</Extensions>
    </Filter>
    <Filter Include="Resource Files">
      <UniqueIdentifier>{67DA6AB6-F800-4c08-8B7A-83BB121AAD01}</UniqueIdentifier>
      <Extensions>rc;ico;cur;bmp;dlg;rc2;rct;bin;rgs;gif;jpg;jpeg;jpe;resx</Extensions>
    </Filter>
    <Filter Include="Source Files">
      <UniqueIdentifier>{4FC737F1-C7A5-4376-A066-2A32D752A2FF}</UniqueIdentifier>
      <Extensions>cpp;c;cc;cxx;def;odl;idl;hpj;bat;asm;asmx</Extensions>
    </Filter>
  </ItemGroup>
  <ItemGroup>
    <ClInclude Include="about.h">
      <Filter>Header Files</Filter>
    </ClInclude>
    <ClInclude Include="addeditpropsheet.h">
      <Filter>Header Files</Filter>
    </ClInclude>
    <ClInclude Include="createshortcutdlg.h">
      <Filter>Header Files</Filter>
    </ClInclude>
    <ClInclude Include="deleteconfirmation.h">
      <Filter>Header Files</Filter>
    </ClInclude>
    <ClInclude Include="editshortcut.h">
      <Filter>Header Files</Filter>
    </ClInclude>
    <ClInclude Include="ExportTextWarningDlg.h">
      <Filter>Header Files</Filter>
    </ClInclude>
    <ClInclude Include="guiinfo.h">
      <Filter>Header Files</Filter>
    </ClInclude>
    <ClInclude Include="ImportTextDlg.h">
      <Filter>Header Files</Filter>
    </ClInclude>
    <ClInclude Include="ImportXmlDlg.h">
      <Filter>Header Files</Filter>
    </ClInclude>
    <ClInclude Include="OpenFilePickerValidator.h">
      <Filter>Header Files</Filter>
    </ClInclude>
    <ClInclude Include="optionspropsheet.h">
      <Filter>Header Files</Filter>
    </ClInclude>
    <ClInclude Include="passwordsafeframe.h">
      <Filter>Header Files</Filter>
    </ClInclude>
    <ClInclude Include="PasswordSafeSearch.h">
      <Filter>Header Files</Filter>
    </ClInclude>
    <ClInclude Include="properties.h">
      <Filter>Header Files</Filter>
    </ClInclude>
    <ClInclude Include="pwsafeapp.h">
      <Filter>Header Files</Filter>
    </ClInclude>
    <ClInclude Include="pwsclip.h">
      <Filter>Header Files</Filter>
    </ClInclude>
    <ClInclude Include="PWSgrid.h">
      <Filter>Header Files</Filter>
    </ClInclude>
    <ClInclude Include="PWSgridtable.h">
      <Filter>Header Files</Filter>
    </ClInclude>
    <ClInclude Include="PWStree.h">
      <Filter>Header Files</Filter>
    </ClInclude>
    <ClInclude Include="RecentDBList.h">
      <Filter>Header Files</Filter>
    </ClInclude>
    <ClInclude Include="safecombinationchange.h">
      <Filter>Header Files</Filter>
    </ClInclude>
    <ClInclude Include="SafeCombinationCtrl.h">
      <Filter>Header Files</Filter>
    </ClInclude>
    <ClInclude Include="safecombinationentry.h">
      <Filter>Header Files</Filter>
    </ClInclude>
    <ClInclude Include="safecombinationprompt.h">
      <Filter>Header Files</Filter>
    </ClInclude>
    <ClInclude Include="safecombinationsetup.h">
      <Filter>Header Files</Filter>
    </ClInclude>
    <ClInclude Include="SystemTray.h">
      <Filter>Header Files</Filter>
    </ClInclude>
    <ClInclude Include="SystemTrayMenuId.h">
      <Filter>Header Files</Filter>
    </ClInclude>
    <ClInclude Include="version.h">
      <Filter>Header Files</Filter>
    </ClInclude>
    <ClInclude Include="wxMessages.h">
      <Filter>Header Files</Filter>
    </ClInclude>
    <ClInclude Include="wxutils.h">
      <Filter>Header Files</Filter>
    </ClInclude>
    <ClInclude Include="ViewReport.h">
      <Filter>Header Files</Filter>
    </ClInclude>
    <ClInclude Include="dragbar.h">
      <Filter>Header Files</Filter>
    </ClInclude>
    <ClInclude Include="PWSDragBar.h">
      <Filter>Header Files</Filter>
    </ClInclude>
    <ClInclude Include="MergeDlg.h">
      <Filter>Header Files</Filter>
    </ClInclude>
    <ClInclude Include="ExternalKeyboardButton.h">
      <Filter>Header Files</Filter>
    </ClInclude>
    <ClInclude Include="PwsSync.h">
      <Filter>Header Files</Filter>
    </ClInclude>
    <ClInclude Include="DbSelectionPanel.h">
      <Filter>Header Files</Filter>
    </ClInclude>
    <ClInclude Include="AdvancedSelectionDlg.h">
      <Filter>Header Files</Filter>
    </ClInclude>
    <ClInclude Include="CompareDlg.h">
      <Filter>Header Files</Filter>
    </ClInclude>
    <ClInclude Include="helpmap.h">
      <Filter>Header Files</Filter>
    </ClInclude>
    <ClInclude Include="fieldselectiondlg.h">
      <Filter>Header Files</Filter>
    </ClInclude>
    <ClInclude Include="pwsmenushortcuts.h">
      <Filter>Header Files</Filter>
    </ClInclude>
    <ClInclude Include="fieldselectionpanel.h">
      <Filter>Header Files</Filter>
    </ClInclude>
    <ClInclude Include="ComparisonGridTable.h">
      <Filter>Header Files</Filter>
    </ClInclude>
    <ClInclude Include="ManagePwdPolicies.h">
      <Filter>Header Files</Filter>
    </ClInclude>
    <ClInclude Include="PasswordPolicy.h">
      <Filter>Header Files</Filter>
    </ClInclude>
    <ClInclude Include="PwsToolbarButtons.h">
      <Filter>Header Files</Filter>
    </ClInclude>
    <ClInclude Include="SizeRestrictedPanel.h">
      <Filter>Header Files</Filter>
    </ClInclude>
    <ClInclude Include="SelectionCriteria.h">
      <Filter>Header Files</Filter>
    </ClInclude>
    <ClInclude Include="yubicfg.h">
      <Filter>Header Files</Filter>
    </ClInclude>
    <ClInclude Include="YubiMixin.h">
      <Filter>Header Files</Filter>
    </ClInclude>
    <ClInclude Include="TimedTaskChain.h">
      <Filter>Header Files</Filter>
    </ClInclude>
    <ClInclude Include="passwordsubset.h">
      <Filter>Header Files</Filter>
    </ClInclude>
  </ItemGroup>
  <ItemGroup>
    <ResourceCompile Include="pwsafe.rc">
      <Filter>Resource Files</Filter>
    </ResourceCompile>
  </ItemGroup>
  <ItemGroup>
    <ClCompile Include="about.cpp">
      <Filter>Source Files</Filter>
    </ClCompile>
    <ClCompile Include="addeditpropsheet.cpp">
      <Filter>Source Files</Filter>
    </ClCompile>
    <ClCompile Include="AdvancedSelectionDlg.cpp">
      <Filter>Source Files</Filter>
    </ClCompile>
    <ClCompile Include="createshortcutdlg.cpp">
      <Filter>Source Files</Filter>
    </ClCompile>
    <ClCompile Include="deleteconfirmation.cpp">
      <Filter>Source Files</Filter>
    </ClCompile>
    <ClCompile Include="editshortcut.cpp">
      <Filter>Source Files</Filter>
    </ClCompile>
    <ClCompile Include="ExportTextWarningDlg.cpp">
      <Filter>Source Files</Filter>
    </ClCompile>
    <ClCompile Include="guiinfo.cpp">
      <Filter>Source Files</Filter>
    </ClCompile>
    <ClCompile Include="ImportTextDlg.cpp">
      <Filter>Source Files</Filter>
    </ClCompile>
    <ClCompile Include="ImportXmlDlg.cpp">
      <Filter>Source Files</Filter>
    </ClCompile>
    <ClCompile Include="mainEdit.cpp">
      <Filter>Source Files</Filter>
    </ClCompile>
    <ClCompile Include="OpenFilePickerValidator.cpp">
      <Filter>Source Files</Filter>
    </ClCompile>
    <ClCompile Include="optionspropsheet.cpp">
      <Filter>Source Files</Filter>
    </ClCompile>
    <ClCompile Include="passwordsafeframe.cpp">
      <Filter>Source Files</Filter>
    </ClCompile>
    <ClCompile Include="PasswordSafeSearch.cpp">
      <Filter>Source Files</Filter>
    </ClCompile>
    <ClCompile Include="properties.cpp">
      <Filter>Source Files</Filter>
    </ClCompile>
    <ClCompile Include="pwsafeapp.cpp">
      <Filter>Source Files</Filter>
    </ClCompile>
    <ClCompile Include="pwsclip.cpp">
      <Filter>Source Files</Filter>
    </ClCompile>
    <ClCompile Include="PWSgrid.cpp">
      <Filter>Source Files</Filter>
    </ClCompile>
    <ClCompile Include="PWSgridtable.cpp">
      <Filter>Source Files</Filter>
    </ClCompile>
    <ClCompile Include="PWStree.cpp">
      <Filter>Source Files</Filter>
    </ClCompile>
    <ClCompile Include="safecombinationchange.cpp">
      <Filter>Source Files</Filter>
    </ClCompile>
    <ClCompile Include="SafeCombinationCtrl.cpp">
      <Filter>Source Files</Filter>
    </ClCompile>
    <ClCompile Include="safecombinationentry.cpp">
      <Filter>Source Files</Filter>
    </ClCompile>
    <ClCompile Include="safecombinationprompt.cpp">
      <Filter>Source Files</Filter>
    </ClCompile>
    <ClCompile Include="safecombinationsetup.cpp">
      <Filter>Source Files</Filter>
    </ClCompile>
    <ClCompile Include="SystemTray.cpp">
      <Filter>Source Files</Filter>
    </ClCompile>
    <ClCompile Include="version.cpp">
      <Filter>Source Files</Filter>
    </ClCompile>
    <ClCompile Include="ViewReport.cpp">
      <Filter>Source Files</Filter>
    </ClCompile>
    <ClCompile Include="dragbar.cpp">
      <Filter>Source Files</Filter>
    </ClCompile>
    <ClCompile Include="PWSDragBar.cpp">
      <Filter>Source Files</Filter>
    </ClCompile>
    <ClCompile Include="MergeDlg.cpp">
      <Filter>Source Files</Filter>
    </ClCompile>
    <ClCompile Include="ExternalKeyboardButton.cpp">
      <Filter>Source Files</Filter>
    </ClCompile>
    <ClCompile Include="PwsSync.cpp">
      <Filter>Source Files</Filter>
    </ClCompile>
    <ClCompile Include="DbSelectionPanel.cpp">
      <Filter>Source Files</Filter>
    </ClCompile>
    <ClCompile Include="CompareDlg.cpp">
      <Filter>Source Files</Filter>
    </ClCompile>
    <ClCompile Include="wxutils.cpp">
      <Filter>Source Files</Filter>
    </ClCompile>
    <ClCompile Include="ComparisonGridTable.cpp">
      <Filter>Source Files</Filter>
    </ClCompile>
    <ClCompile Include="SizeRestrictedPanel.cpp">
      <Filter>Source Files</Filter>
    </ClCompile>
    <ClCompile Include="fieldselectiondlg.cpp">
      <Filter>Source Files</Filter>
    </ClCompile>
    <ClCompile Include="pwsmenushortcuts.cpp">
      <Filter>Source Files</Filter>
    </ClCompile>
    <ClCompile Include="fieldselectionpanel.cpp">
      <Filter>Source Files</Filter>
    </ClCompile>
    <ClCompile Include="mainManage.cpp">
      <Filter>Source Files</Filter>
    </ClCompile>
    <ClCompile Include="ManagePwdPolicies.cpp">
      <Filter>Source Files</Filter>
    </ClCompile>
    <ClCompile Include="PasswordPolicy.cpp">
      <Filter>Source Files</Filter>
    </ClCompile>
    <ClCompile Include="SelectionCriteria.cpp">
      <Filter>Source Files</Filter>
    </ClCompile>
    <ClCompile Include="yubicfg.cpp">
      <Filter>Source Files</Filter>
    </ClCompile>
    <ClCompile Include="YubiMixin.cpp">
      <Filter>Source Files</Filter>
    </ClCompile>
    <ClCompile Include="TimedTaskChain.cpp">
      <Filter>Source Files</Filter>
    </ClCompile>
    <ClCompile Include="mainView.cpp">
      <Filter>Source Files</Filter>
    </ClCompile>
    <ClCompile Include="passwordsubset.cpp">
      <Filter>Source Files</Filter>
    </ClCompile>
  </ItemGroup>
</Project>