<?xml version="1.0" encoding="utf-8"?>
<Project ToolsVersion="4.0" xmlns="http://schemas.microsoft.com/developer/msbuild/2003">
  <ItemGroup>
    <Filter Include="Source Files">
      <UniqueIdentifier>{1e7c1ba2-a834-4a3a-b827-3450a9c0ea06}</UniqueIdentifier>
      <Extensions>cpp;c;cxx;rc;def;r;odl;idl;hpj;bat</Extensions>
    </Filter>
    <Filter Include="Header Files">
      <UniqueIdentifier>{6e50bc63-5d75-405a-9ee4-aee904b13ae5}</UniqueIdentifier>
      <Extensions>h;hpp;hxx;hm;inl</Extensions>
    </Filter>
  </ItemGroup>
  <ItemGroup>
    <ClCompile Include="BlowFish.cpp">
      <Filter>Source Files</Filter>
    </ClCompile>
    <ClCompile Include="CheckVersion.cpp">
      <Filter>Source Files</Filter>
    </ClCompile>
    <ClCompile Include="Command.cpp">
      <Filter>Source Files</Filter>
    </ClCompile>
    <ClCompile Include="CoreImpExp.cpp">
      <Filter>Source Files</Filter>
    </ClCompile>
    <ClCompile Include="ItemData.cpp">
      <Filter>Source Files</Filter>
    </ClCompile>
    <ClCompile Include="ItemField.cpp">
      <Filter>Source Files</Filter>
    </ClCompile>
    <ClCompile Include="Match.cpp">
      <Filter>Source Files</Filter>
    </ClCompile>
    <ClCompile Include="XML\MSXML\MFileSAX2Handlers.cpp">
      <Filter>Source Files</Filter>
    </ClCompile>
    <ClCompile Include="XML\MSXML\MFileValidator.cpp">
      <Filter>Source Files</Filter>
    </ClCompile>
    <ClCompile Include="XML\MSXML\MFileXMLProcessor.cpp">
      <Filter>Source Files</Filter>
    </ClCompile>
    <ClCompile Include="XML\MSXML\MFilterSAX2Handlers.cpp">
      <Filter>Source Files</Filter>
    </ClCompile>
    <ClCompile Include="XML\MSXML\MFilterXMLProcessor.cpp">
      <Filter>Source Files</Filter>
    </ClCompile>
    <ClCompile Include="PWCharPool.cpp">
      <Filter>Source Files</Filter>
    </ClCompile>
    <ClCompile Include="PWHistory.cpp">
      <Filter>Source Files</Filter>
    </ClCompile>
    <ClCompile Include="PWPolicy.cpp">
      <Filter>Source Files</Filter>
    </ClCompile>
    <ClCompile Include="PWSAuxParse.cpp">
      <Filter>Source Files</Filter>
    </ClCompile>
    <ClCompile Include="PWScore.cpp">
      <Filter>Source Files</Filter>
    </ClCompile>
    <ClCompile Include="PWSdirs.cpp">
      <Filter>Source Files</Filter>
    </ClCompile>
    <ClCompile Include="PWSfile.cpp">
      <Filter>Source Files</Filter>
    </ClCompile>
    <ClCompile Include="PWSfileV1V2.cpp">
      <Filter>Source Files</Filter>
    </ClCompile>
    <ClCompile Include="PWSfileV3.cpp">
      <Filter>Source Files</Filter>
    </ClCompile>
    <ClCompile Include="PWSFilters.cpp">
      <Filter>Source Files</Filter>
    </ClCompile>
    <ClCompile Include="PWSprefs.cpp">
      <Filter>Source Files</Filter>
    </ClCompile>
    <ClCompile Include="PWSrand.cpp">
      <Filter>Source Files</Filter>
    </ClCompile>
    <ClCompile Include="Report.cpp">
      <Filter>Source Files</Filter>
    </ClCompile>
    <ClCompile Include="sha1.cpp">
      <Filter>Source Files</Filter>
    </ClCompile>
    <ClCompile Include="sha256.cpp">
      <Filter>Source Files</Filter>
    </ClCompile>
    <ClCompile Include="StringX.cpp">
      <Filter>Source Files</Filter>
    </ClCompile>
    <ClCompile Include="SysInfo.cpp">
      <Filter>Source Files</Filter>
    </ClCompile>
    <ClCompile Include="TwoFish.cpp">
      <Filter>Source Files</Filter>
    </ClCompile>
    <ClCompile Include="UnknownField.cpp">
      <Filter>Source Files</Filter>
    </ClCompile>
    <ClCompile Include="UTF8Conv.cpp">
      <Filter>Source Files</Filter>
    </ClCompile>
    <ClCompile Include="Util.cpp">
      <Filter>Source Files</Filter>
    </ClCompile>
    <ClCompile Include="VerifyFormat.cpp">
      <Filter>Source Files</Filter>
    </ClCompile>
    <ClCompile Include="XML\XMLFileHandlers.cpp">
      <Filter>Source Files</Filter>
    </ClCompile>
    <ClCompile Include="XML\XMLFileValidation.cpp">
      <Filter>Source Files</Filter>
    </ClCompile>
    <ClCompile Include="XMLprefs.cpp">
      <Filter>Source Files</Filter>
    </ClCompile>
    <ClCompile Include="XML\XERCES\XSecMemMgr.cpp">
      <Filter>Source Files</Filter>
    </ClCompile>
    <ClCompile Include="core_st.cpp">
      <Filter>Source Files</Filter>
    </ClCompile>
    <ClCompile Include="CoreOtherDB.cpp">
      <Filter>Source Files</Filter>
    </ClCompile>
    <ClCompile Include="ExpiredList.cpp">
      <Filter>Source Files</Filter>
    </ClCompile>
    <ClCompile Include="PWSLog.cpp">
      <Filter>Source Files</Filter>
    </ClCompile>
    <ClCompile Include="pugixml\pugixml.cpp">
      <Filter>Source Files</Filter>
    </ClCompile>
    <ClCompile Include="AES.cpp">
      <Filter>Source Files</Filter>
    </ClCompile>
    <ClCompile Include="PWSfileV4.cpp">
      <Filter>Source Files</Filter>
    </ClCompile>
    <ClCompile Include="PWStime.cpp">
      <Filter>Source Files</Filter>
    </ClCompile>
    <ClCompile Include="KeyWrap.cpp">
      <Filter>Source Files</Filter>
    </ClCompile>
    <ClCompile Include="pbkdf2.cpp">
      <Filter>Source Files</Filter>
    </ClCompile>
    <ClCompile Include="Item.cpp">
      <Filter>Source Files</Filter>
    </ClCompile>
    <ClCompile Include="ItemAtt.cpp">
      <Filter>Source Files</Filter>
    </ClCompile>
    <ClCompile Include="PWSfileHeader.cpp">
      <Filter>Source Files</Filter>
    </ClCompile>
    <ClCompile Include="RUEList.cpp">
      <Filter>Source Files</Filter>
    </ClCompile>
  </ItemGroup>
  <ItemGroup>
    <ClInclude Include="BlowFish.h">
      <Filter>Header Files</Filter>
    </ClInclude>
    <ClInclude Include="CheckVersion.h">
      <Filter>Header Files</Filter>
    </ClInclude>
    <ClInclude Include="Command.h">
      <Filter>Header Files</Filter>
    </ClInclude>
    <ClInclude Include="CommandInterface.h">
      <Filter>Header Files</Filter>
    </ClInclude>
    <ClInclude Include="coredefs.h">
      <Filter>Header Files</Filter>
    </ClInclude>
    <ClInclude Include="core.h">
      <Filter>Header Files</Filter>
    </ClInclude>
    <ClInclude Include="Fish.h">
      <Filter>Header Files</Filter>
    </ClInclude>
    <ClInclude Include="hmac.h">
      <Filter>Header Files</Filter>
    </ClInclude>
    <ClInclude Include="ItemData.h">
      <Filter>Header Files</Filter>
    </ClInclude>
    <ClInclude Include="ItemField.h">
      <Filter>Header Files</Filter>
    </ClInclude>
    <ClInclude Include="Match.h">
      <Filter>Header Files</Filter>
    </ClInclude>
    <ClInclude Include="XML\MSXML\MFileSAX2Handlers.h">
      <Filter>Header Files</Filter>
    </ClInclude>
    <ClInclude Include="XML\MSXML\MFileValidator.h">
      <Filter>Header Files</Filter>
    </ClInclude>
    <ClInclude Include="XML\MSXML\MFileXMLProcessor.h">
      <Filter>Header Files</Filter>
    </ClInclude>
    <ClInclude Include="XML\MSXML\MFilterSAX2Handlers.h">
      <Filter>Header Files</Filter>
    </ClInclude>
    <ClInclude Include="XML\MSXML\MFilterXMLProcessor.h">
      <Filter>Header Files</Filter>
    </ClInclude>
    <ClInclude Include="Proxy.h">
      <Filter>Header Files</Filter>
    </ClInclude>
    <ClInclude Include="PWCharPool.h">
      <Filter>Header Files</Filter>
    </ClInclude>
    <ClInclude Include="PWHistory.h">
      <Filter>Header Files</Filter>
    </ClInclude>
    <ClInclude Include="PWPolicy.h">
      <Filter>Header Files</Filter>
    </ClInclude>
    <ClInclude Include="PWSAuxParse.h">
      <Filter>Header Files</Filter>
    </ClInclude>
    <ClInclude Include="PWScore.h">
      <Filter>Header Files</Filter>
    </ClInclude>
    <ClInclude Include="PWSdirs.h">
      <Filter>Header Files</Filter>
    </ClInclude>
    <ClInclude Include="PWSfile.h">
      <Filter>Header Files</Filter>
    </ClInclude>
    <ClInclude Include="PWSfileV1V2.h">
      <Filter>Header Files</Filter>
    </ClInclude>
    <ClInclude Include="PWSfileV3.h">
      <Filter>Header Files</Filter>
    </ClInclude>
    <ClInclude Include="PWSFilters.h">
      <Filter>Header Files</Filter>
    </ClInclude>
    <ClInclude Include="PwsPlatform.h">
      <Filter>Header Files</Filter>
    </ClInclude>
    <ClInclude Include="PWSprefs.h">
      <Filter>Header Files</Filter>
    </ClInclude>
    <ClInclude Include="PWSrand.h">
      <Filter>Header Files</Filter>
    </ClInclude>
    <ClInclude Include="Report.h">
      <Filter>Header Files</Filter>
    </ClInclude>
    <ClInclude Include="sha1.h">
      <Filter>Header Files</Filter>
    </ClInclude>
    <ClInclude Include="sha256.h">
      <Filter>Header Files</Filter>
    </ClInclude>
    <ClInclude Include="StringX.h">
      <Filter>Header Files</Filter>
    </ClInclude>
    <ClInclude Include="StringXStream.h">
      <Filter>Header Files</Filter>
    </ClInclude>
    <ClInclude Include="SysInfo.h">
      <Filter>Header Files</Filter>
    </ClInclude>
    <ClInclude Include="trigram.h">
      <Filter>Header Files</Filter>
    </ClInclude>
    <ClInclude Include="TwoFish.h">
      <Filter>Header Files</Filter>
    </ClInclude>
    <ClInclude Include="UIinterface.h">
      <Filter>Header Files</Filter>
    </ClInclude>
    <ClInclude Include="UnknownField.h">
      <Filter>Header Files</Filter>
    </ClInclude>
    <ClInclude Include="UTF8Conv.h">
      <Filter>Header Files</Filter>
    </ClInclude>
    <ClInclude Include="Util.h">
      <Filter>Header Files</Filter>
    </ClInclude>
    <ClInclude Include="VerifyFormat.h">
      <Filter>Header Files</Filter>
    </ClInclude>
    <ClInclude Include="XML\XMLDefs.h">
      <Filter>Header Files</Filter>
    </ClInclude>
    <ClInclude Include="XML\XMLFileHandlers.h">
      <Filter>Header Files</Filter>
    </ClInclude>
    <ClInclude Include="XML\XMLFileValidation.h">
      <Filter>Header Files</Filter>
    </ClInclude>
    <ClInclude Include="XMLprefs.h">
      <Filter>Header Files</Filter>
    </ClInclude>
    <ClInclude Include="XML\XERCES\XSecMemMgr.h">
      <Filter>Header Files</Filter>
    </ClInclude>
    <ClInclude Include="core_st.h">
      <Filter>Header Files</Filter>
    </ClInclude>
    <ClInclude Include="DBCompareData.h">
      <Filter>Header Files</Filter>
    </ClInclude>
    <ClInclude Include="ExpiredList.h">
      <Filter>Header Files</Filter>
    </ClInclude>
    <ClInclude Include="PWSLog.h">
      <Filter>Header Files</Filter>
    </ClInclude>
    <ClInclude Include="pugixml\pugiconfig.hpp">
      <Filter>Header Files</Filter>
    </ClInclude>
    <ClInclude Include="pugixml\pugixml.hpp">
      <Filter>Header Files</Filter>
    </ClInclude>
    <ClInclude Include="AES.h">
      <Filter>Header Files</Filter>
    </ClInclude>
    <ClInclude Include="PWSfileV4.h">
      <Filter>Header Files</Filter>
    </ClInclude>
    <ClInclude Include="PWStime.h">
      <Filter>Header Files</Filter>
    </ClInclude>
    <ClInclude Include="KeyWrap.h">
      <Filter>Header Files</Filter>
    </ClInclude>
    <ClInclude Include="pbkdf2.h">
      <Filter>Header Files</Filter>
    </ClInclude>
    <ClInclude Include="Item.h">
      <Filter>Header Files</Filter>
    </ClInclude>
    <ClInclude Include="ItemAtt.h">
      <Filter>Header Files</Filter>
    </ClInclude>
    <ClInclude Include="PWSfileHeader.h">
      <Filter>Header Files</Filter>
    </ClInclude>
    <ClInclude Include="RUEList.h">
      <Filter>Header Files</Filter>
    </ClInclude>
  </ItemGroup>
</Project>