<?xml version="1.0" encoding="UTF-8"?>
<Scheme
   LastUpgradeVersion = "1640"
   version = "1.7">
   <BuildAction
      parallelizeBuildables = "YES"
      buildImplicitDependencies = "YES">
      <BuildActionEntries>
         <BuildActionEntry
            buildForTesting = "YES"
            buildForRunning = "YES"
            buildForProfiling = "YES"
            buildForArchiving = "YES"
            buildForAnalyzing = "YES">
            <BuildableReference
               BuildableIdentifier = "primary"
               BlueprintIdentifier = "E6ADB99D1195706A004E2BE5"
               BuildableName = "pwsafe.app"
               BlueprintName = "pwsafe"
               ReferencedContainer = "container:pwsafe-xcode6.xcodeproj">
            </BuildableReference>
         </BuildActionEntry>
         <BuildActionEntry
            buildForTesting = "NO"
            buildForRunning = "NO"
            buildForProfiling = "NO"
            buildForArchiving = "NO"
            buildForAnalyzing = "NO">
            <BuildableReference
               BuildableIdentifier = "primary"
               BlueprintIdentifier = "E690B53012980BDD007EA508"
               BuildableName = "Help Files"
               BlueprintName = "Help Files"
               ReferencedContainer = "container:pwsafe-xcode6.xcodeproj">
            </BuildableReference>
         </BuildActionEntry>
         <BuildActionEntry
            buildForTesting = "YES"
            buildForRunning = "YES"
            buildForProfiling = "YES"
            buildForArchiving = "YES"
            buildForAnalyzing = "YES">
            <BuildableReference
               BuildableIdentifier = "primary"
               BlueprintIdentifier = "5762BC072DE7E26800322CA5"
               BuildableName = "pwsafe-cli-test"
               BlueprintName = "pwsafe-cli-test"
               ReferencedContainer = "container:pwsafe-xcode6.xcodeproj">
            </BuildableReference>
         </BuildActionEntry>
         <BuildActionEntry
            buildForTesting = "YES"
            buildForRunning = "YES"
            buildForProfiling = "YES"
            buildForArchiving = "YES"
            buildForAnalyzing = "YES">
            <BuildableReference
               BuildableIdentifier = "primary"
               BlueprintIdentifier = "579723502DDD5E5A001582BE"
               BuildableName = "coretest"
               BlueprintName = "coretest"
               ReferencedContainer = "container:pwsafe-xcode6.xcodeproj">
            </BuildableReference>
         </BuildActionEntry>
         <BuildActionEntry
            buildForTesting = "YES"
            buildForRunning = "YES"
            buildForProfiling = "YES"
            buildForArchiving = "YES"
            buildForAnalyzing = "YES">
            <BuildableReference
               BuildableIdentifier = "primary"
               BlueprintIdentifier = "E66D292E1D02B49B00C9BCBF"
               BuildableName = "pwsafe-cli"
               BlueprintName = "pwsafe-cli"
               ReferencedContainer = "container:pwsafe-xcode6.xcodeproj">
            </BuildableReference>
         </BuildActionEntry>
      </BuildActionEntries>
   </BuildAction>
   <TestAction
      buildConfiguration = "Homebrew-Release"
      selectedDebuggerIdentifier = "Xcode.DebuggerFoundation.Debugger.LLDB"
      selectedLauncherIdentifier = "Xcode.DebuggerFoundation.Launcher.LLDB"
      shouldUseLaunchSchemeArgsEnv = "YES"
      enableAddressSanitizer = "YES"
      enableASanStackUseAfterReturn = "YES"
      shouldAutocreateTestPlan = "YES">
      <MacroExpansion>
         <BuildableReference
            BuildableIdentifier = "primary"
            BlueprintIdentifier = "E6ADB99D1195706A004E2BE5"
            BuildableName = "pwsafe.app"
            BlueprintName = "pwsafe"
            ReferencedContainer = "container:pwsafe-xcode6.xcodeproj">
         </BuildableReference>
      </MacroExpansion>
      <AdditionalOptions>
         <AdditionalOption
            key = "NSZombieEnabled"
            value = "YES"
            isEnabled = "YES">
         </AdditionalOption>
      </AdditionalOptions>
   </TestAction>
   <LaunchAction
      buildConfiguration = "Homebrew-Release"
      selectedDebuggerIdentifier = ""
      selectedLauncherIdentifier = "Xcode.IDEFoundation.Launcher.PosixSpawn"
      launchStyle = "0"
      useCustomWorkingDirectory = "NO"
      ignoresPersistentStateOnLaunch = "NO"
      debugDocumentVersioning = "YES"
      debugServiceExtension = "internal"
      enableGPUValidationMode = "1"
      allowLocationSimulation = "YES">
      <BuildableProductRunnable
         runnableDebuggingMode = "0">
         <BuildableReference
            BuildableIdentifier = "primary"
            BlueprintIdentifier = "E6ADB99D1195706A004E2BE5"
            BuildableName = "pwsafe.app"
            BlueprintName = "pwsafe"
            ReferencedContainer = "container:pwsafe-xcode6.xcodeproj">
         </BuildableReference>
      </BuildableProductRunnable>
   </LaunchAction>
   <ProfileAction
      buildConfiguration = "Debug"
      shouldUseLaunchSchemeArgsEnv = "YES"
      savedToolIdentifier = ""
      useCustomWorkingDirectory = "NO"
      debugDocumentVersioning = "YES">
      <BuildableProductRunnable
         runnableDebuggingMode = "0">
         <BuildableReference
            BuildableIdentifier = "primary"
            BlueprintIdentifier = "E6ADB99D1195706A004E2BE5"
            BuildableName = "pwsafe.app"
            BlueprintName = "pwsafe"
            ReferencedContainer = "container:pwsafe-xcode6.xcodeproj">
         </BuildableReference>
      </BuildableProductRunnable>
   </ProfileAction>
   <AnalyzeAction
      buildConfiguration = "Homebrew-Release">
   </AnalyzeAction>
   <ArchiveAction
      buildConfiguration = "Homebrew-Release"
      revealArchiveInOrganizer = "YES">
   </ArchiveAction>
</Scheme>
