<?xml version="1.0" encoding="UTF-8" standalone="yes" ?>
<CodeBlocks_project_file>
	<FileVersion major="1" minor="6" />
	<Project>
		<Option title="pwsafe" />
		<Option pch_mode="2" />
		<Option compiler="gcc" />
		<Build>
			<Target title="Debug_L64">
				<Option platforms="Unix;" />
				<Option output="bin/Debug64/pwsafe" prefix_auto="1" extension_auto="1" />
				<Option object_output="obj/Debug64/" />
				<Option type="0" />
				<Option compiler="gcc" />
				<Option projectLinkerOptionsRelation="2" />
				<Compiler>
					<Add option="-m64" />
					<Add option="-g" />
					<Add option="`../wx-config-filter  --cxxflags --unicode=yes --debug=yes --inplace`" />
					<Add option="-fsanitize=address" />
					<Add option="-fno-omit-frame-pointer" />
					<Add option="-D_DEBUG" />
					<Add option="-DDEBUG" />
					<Add option="-D__WXDEBUG__" />
					<Add option="-DUSE_XML_LIBRARY=XERCES" />
					<Add option="-DWCHAR_INCOMPATIBLE_XMLCH" />
					<Add option="-DNO_YUBI" />
					<Add option="-DNO_QR" />
					<Add directory="../../src" />
				</Compiler>
				<Linker>
					<Add option="-m64" />
					<Add option="`wx-config --version=3.2 --libs adv,aui,base,core,html,net --unicode=yes --debug=yes --inplace`" />
					<Add option="-fsanitize=address" />
					<Add library="core64d" />
					<Add library="os64d" />
					<Add directory="../core" />
					<Add directory="../os" />
				</Linker>
			</Target>
			<Target title="Debug_L32">
				<Option platforms="Unix;" />
				<Option output="bin/Debug32/pwsafe" prefix_auto="1" extension_auto="1" />
				<Option object_output="obj/Debug32/" />
				<Option type="0" />
				<Option compiler="gcc" />
				<Option projectLinkerOptionsRelation="2" />
				<Compiler>
					<Add option="-m32" />
					<Add option="-g" />
					<Add option="`../wx-config-filter32 --cxxflags --unicode=yes --debug=yes --inplace`" />
					<Add option="-fsanitize=address" />
					<Add option="-fno-omit-frame-pointer" />
					<Add option="-D_DEBUG" />
					<Add option="-DDEBUG" />
					<Add option="-D__WXDEBUG__" />
					<Add option="-DUSE_XML_LIBRARY=XERCES" />
					<Add option="-DWCHAR_INCOMPATIBLE_XMLCH" />
					<Add option="-DNO_YUBI" />
					<Add option="-DwxSIZE_T_IS_UINT" />
					<Add option="-DNO_QR" />
					<Add directory="../../src" />
				</Compiler>
				<Linker>
					<Add option="-m32" />
					<Add option="`wx-config --version=3.2 --libs adv,aui,base,core,html,net --unicode=yes --debug=yes --inplace`" />
					<Add option="-fsanitize=address" />
					<Add library="core32d" />
					<Add library="os32d" />
					<Add directory="../core" />
					<Add directory="../os" />
				</Linker>
			</Target>
			<Target title="Release_L64">
				<Option platforms="Unix;" />
				<Option output="bin/Release64/pwsafe" prefix_auto="1" extension_auto="1" />
				<Option object_output="obj/Release64/" />
				<Option type="0" />
				<Option compiler="gcc" />
				<Option projectLinkerOptionsRelation="2" />
				<Compiler>
					<Add option="-fomit-frame-pointer" />
					<Add option="-O2" />
					<Add option="-m64" />
					<Add option="`../wx-config-filter --cxxflags --unicode=yes --debug=no --inplace`" />
					<Add option="-Wno-type-limits" />
					<Add option="-DNDEBUG" />
					<Add option="-DUSE_XML_LIBRARY=XERCES" />
					<Add option="-DWCHAR_INCOMPATIBLE_XMLCH" />
					<Add option="-DNO_YUBI" />
					<Add option="-DNO_QR" />
					<Add directory="../../src" />
				</Compiler>
				<Linker>
					<Add option="-m64" />
					<Add option="`wx-config --version=3.2 --libs adv,aui,base,core,html,net --unicode=yes --debug=no --inplace`" />
					<Add library="core64" />
					<Add library="os64" />
					<Add directory="../core" />
					<Add directory="../os" />
				</Linker>
			</Target>
			<Target title="Release_L32">
				<Option platforms="Unix;" />
				<Option output="bin/Release32/pwsafe" prefix_auto="1" extension_auto="1" />
				<Option object_output="obj/Release32/" />
				<Option type="0" />
				<Option compiler="gcc" />
				<Option projectLinkerOptionsRelation="2" />
				<Compiler>
					<Add option="-fomit-frame-pointer" />
					<Add option="-O2" />
					<Add option="-m32" />
					<Add option="`../wx-config-filter32 --cxxflags --unicode=yes --debug=no --inplace`" />
					<Add option="-Wno-type-limits" />
					<Add option="-DNDEBUG" />
					<Add option="-DUSE_XML_LIBRARY=XERCES" />
					<Add option="-DWCHAR_INCOMPATIBLE_XMLCH" />
					<Add option="-DNO_YUBI" />
					<Add option="-DwxSIZE_T_IS_UINT" />
					<Add option="-DNO_QR" />
					<Add directory="../../src" />
				</Compiler>
				<Linker>
					<Add option="-m32" />
					<Add option="`wx-config --version=3.2 --libs adv,aui,base,core,html,net --unicode=yes --debug=no --inplace`" />
					<Add library="core32" />
					<Add library="os32" />
					<Add directory="../core" />
					<Add directory="../os" />
				</Linker>
			</Target>
			<Target title="Debug_L64Y">
				<Option platforms="Unix;" />
				<Option output="bin/Debug64Y/pwsafe" prefix_auto="1" extension_auto="1" />
				<Option object_output="obj/Debug64Y/" />
				<Option type="0" />
				<Option compiler="gcc" />
				<Option projectLinkerOptionsRelation="2" />
				<Compiler>
					<Add option="-m64" />
					<Add option="-g" />
					<Add option="`../wx-config-filter --cxxflags --unicode=yes --debug=yes --inplace`" />
					<Add option="`pkg-config --cflags ykpers-1`" />
					<Add option="-fsanitize=address" />
					<Add option="-fno-omit-frame-pointer" />
					<Add option="-D_DEBUG" />
					<Add option="-DDEBUG" />
					<Add option="-D__WXDEBUG__" />
					<Add option="-DUSE_XML_LIBRARY=XERCES" />
					<Add option="-DWCHAR_INCOMPATIBLE_XMLCH" />
					<Add directory="../../src" />
				</Compiler>
				<Linker>
					<Add option="-m64" />
					<Add option="`wx-config --version=3.2 --libs adv,aui,base,core,html,net --unicode=yes --debug=yes --inplace`" />
					<Add option="-fsanitize=address" />
					<Add option="`pkg-config --libs ykpers-1`" />
					<Add option="`pkg-config --libs libqrencode`" />
					<Add library="core64yd" />
					<Add library="os64yd" />
					<Add directory="../core" />
					<Add directory="../os" />
				</Linker>
			</Target>
			<Target title="Debug_L32Y">
				<Option platforms="Unix;" />
				<Option output="bin/Debug32Y/pwsafe" prefix_auto="1" extension_auto="1" />
				<Option object_output="obj/Debug32Y/" />
				<Option type="0" />
				<Option compiler="gcc" />
				<Option projectLinkerOptionsRelation="2" />
				<Compiler>
					<Add option="-m32" />
					<Add option="-g" />
					<Add option="`../wx-config-filter32 --cxxflags --unicode=yes --debug=yes --inplace`" />
					<Add option="`pkg-config --cflags ykpers-1`" />
					<Add option="-fsanitize=address" />
					<Add option="-fno-omit-frame-pointer" />
					<Add option="-D_DEBUG" />
					<Add option="-DDEBUG" />
					<Add option="-D__WXDEBUG__" />
					<Add option="-DUSE_XML_LIBRARY=XERCES" />
					<Add option="-DWCHAR_INCOMPATIBLE_XMLCH" />
					<Add option="-DwxSIZE_T_IS_UINT" />
					<Add directory="../../src" />
				</Compiler>
				<Linker>
					<Add option="-m32" />
					<Add option="`wx-config --version=3.2 --libs adv,aui,base,core,html,net --unicode=yes --debug=yes --inplace`" />
					<Add option="-fsanitize=address" />
					<Add option="`pkg-config --libs ykpers-1`" />
					<Add option="`pkg-config --libs libqrencode`" />
					<Add library="core32yd" />
					<Add library="os32yd" />
					<Add directory="../core" />
					<Add directory="../os" />
				</Linker>
			</Target>
			<Target title="Release_L64Y">
				<Option platforms="Unix;" />
				<Option output="bin/Release64Y/pwsafe" prefix_auto="1" extension_auto="1" />
				<Option object_output="obj/Release64Y/" />
				<Option type="0" />
				<Option compiler="gcc" />
				<Option projectLinkerOptionsRelation="2" />
				<Compiler>
					<Add option="-fomit-frame-pointer" />
					<Add option="-O2" />
					<Add option="-m64" />
					<Add option="`../wx-config-filter --cxxflags --unicode=yes --debug=no --inplace`" />
					<Add option="`pkg-config --cflags ykpers-1`" />
					<Add option="-Wno-type-limits" />
					<Add option="-DNDEBUG" />
					<Add option="-DUSE_XML_LIBRARY=XERCES" />
					<Add option="-DWCHAR_INCOMPATIBLE_XMLCH" />
					<Add directory="../../src" />
				</Compiler>
				<Linker>
					<Add option="-m64" />
					<Add option="`wx-config --version=3.2 --libs adv,aui,base,core,html,net --unicode=yes --debug=no --inplace`" />
					<Add option="`pkg-config --libs ykpers-1`" />
					<Add option="`pkg-config --libs libqrencode`" />
					<Add library="core64y" />
					<Add library="os64y" />
					<Add directory="../core" />
					<Add directory="../os" />
				</Linker>
			</Target>
			<Target title="Release_L32Y">
				<Option platforms="Unix;" />
				<Option output="bin/Release32Y/pwsafe" prefix_auto="1" extension_auto="1" />
				<Option object_output="obj/Release32Y/" />
				<Option type="0" />
				<Option compiler="gcc" />
				<Option projectLinkerOptionsRelation="2" />
				<Compiler>
					<Add option="-fomit-frame-pointer" />
					<Add option="-O2" />
					<Add option="-m32" />
					<Add option="`../wx-config-filter32 --cxxflags --unicode=yes --debug=no --inplace`" />
					<Add option="`pkg-config --cflags ykpers-1`" />
					<Add option="-Wno-type-limits" />
					<Add option="-DNDEBUG" />
					<Add option="-DUSE_XML_LIBRARY=XERCES" />
					<Add option="-DWCHAR_INCOMPATIBLE_XMLCH" />
					<Add option="-DwxSIZE_T_IS_UINT" />
					<Add directory="../../src" />
				</Compiler>
				<Linker>
					<Add option="-m32" />
					<Add option="`wx-config --version=3.2 --libs adv,aui,base,core,html,net --unicode=yes --debug=no --inplace`" />
					<Add option="`pkg-config --libs ykpers-1`" />
					<Add option="`pkg-config --libs libqrencode`" />
					<Add library="core32y" />
					<Add library="os32y" />
					<Add directory="../core" />
					<Add directory="../os" />
				</Linker>
			</Target>
			<Target title="Release_L64Y_Clang">
				<Option platforms="Unix;" />
				<Option output="bin/Release64YClang/pwsafe" prefix_auto="1" extension_auto="1" />
				<Option object_output="obj/Release64YClang/" />
				<Option type="0" />
				<Option compiler="clang" />
				<Option projectCompilerOptionsRelation="1" />
				<Option projectLinkerOptionsRelation="2" />
				<Compiler>
					<Add option="-fsanitize=address" />
					<Add option="-fPIC" />
					<Add option="-m64" />
					<Add option="-fomit-frame-pointer" />
					<Add option="-O2" />
					<Add option="-Wnon-virtual-dtor" />
					<Add option="-Wbind-to-temporary-copy" />
					<Add option="-Wextra-tokens" />
					<Add option="-Wall" />
					<Add option="`../wx-config-filter --cxxflags --unicode=yes --debug=no --inplace`" />
					<Add option="`pkg-config --cflags ykpers-1`" />
					<Add option="-DNDEBUG" />
					<Add option="-DUSE_XML_LIBRARY=XERCES" />
					<Add option="-DWCHAR_INCOMPATIBLE_XMLCH" />
					<Add option="-DUNICODE" />
					<Add directory="../../src" />
				</Compiler>
				<Linker>
					<Add option="-fsanitize=address" />
					<Add option="-m64" />
					<Add option="`wx-config --version=3.2 --libs adv,aui,base,core,html,net --unicode=yes --debug=no --inplace`" />
					<Add option="`pkg-config --libs ykpers-1`" />
					<Add option="`pkg-config --libs libqrencode`" />
					<Add library="core64yc" />
					<Add library="os64yc" />
					<Add directory="../core" />
					<Add directory="../os" />
				</Linker>
			</Target>
		</Build>
		<Compiler>
			<Add option="-Wnon-virtual-dtor" />
			<Add option="-Wshadow" />
			<Add option="-Winit-self" />
			<Add option="-Wcast-align" />
			<Add option="-Wundef" />
			<Add option="-Wfloat-equal" />
			<Add option="-Wunreachable-code" />
			<Add option="-Wmissing-include-dirs" />
			<Add option="-Wswitch-default" />
			<Add option="-Wextra" />
			<Add option="-Wall" />
			<Add option="-std=c++14" />
			<Add option="-std=c11" />
			<Add option="-fPIC" />
			<Add option="-Wformat=2" />
			<Add option="-Wno-unused-local-typedefs" />
			<Add option="-Wdouble-promotion" />
			<Add option="-Wnull-dereference" />
			<Add option="-Wduplicated-branches" />
			<Add option="-Wduplicated-cond" />
			<Add option="-Winvalid-pch" />
			<Add option="-Wlogical-op" />
			<Add option="-DUNICODE" />
		</Compiler>
		<Linker>
			<Add option="`pkg-config --libs libcurl`" />
			<Add library="uuid" />
			<Add library="Xtst" />
			<Add library="X11" />
			<Add library="xerces-c" />
			<Add library="magic" />
		</Linker>
		<ExtraCommands>
			<Add before="../cb-ver-update" />
		</ExtraCommands>
		<Unit filename="../../src/ui/wxWidgets/AboutDlg.cpp" />
		<Unit filename="../../src/ui/wxWidgets/AboutDlg.h" />
		<Unit filename="../../src/ui/wxWidgets/AddEditPropSheetDlg.cpp" />
		<Unit filename="../../src/ui/wxWidgets/AddEditPropSheetDlg.h" />
		<Unit filename="../../src/ui/wxWidgets/AdvancedSelectionDlg.cpp" />
		<Unit filename="../../src/ui/wxWidgets/AdvancedSelectionDlg.h" />
		<Unit filename="../../src/ui/wxWidgets/Clipboard.cpp" />
		<Unit filename="../../src/ui/wxWidgets/Clipboard.h" />
		<Unit filename="../../src/ui/wxWidgets/CompareDlg.cpp" />
		<Unit filename="../../src/ui/wxWidgets/CompareDlg.h" />
		<Unit filename="../../src/ui/wxWidgets/ComparisonGridTable.cpp" />
		<Unit filename="../../src/ui/wxWidgets/ComparisonGridTable.h" />
		<Unit filename="../../src/ui/wxWidgets/CreateShortcutDlg.cpp" />
		<Unit filename="../../src/ui/wxWidgets/CreateShortcutDlg.h" />
		<Unit filename="../../src/ui/wxWidgets/CryptKeyEntryDlg.cpp" />
		<Unit filename="../../src/ui/wxWidgets/CryptKeyEntryDlg.h" />
		<Unit filename="../../src/ui/wxWidgets/DbSelectionPanel.cpp" />
		<Unit filename="../../src/ui/wxWidgets/DbSelectionPanel.h" />
		<Unit filename="../../src/ui/wxWidgets/DeleteConfirmationDlg.cpp" />
		<Unit filename="../../src/ui/wxWidgets/DeleteConfirmationDlg.h" />
		<Unit filename="../../src/ui/wxWidgets/DnDDropTarget.cpp" />
		<Unit filename="../../src/ui/wxWidgets/DnDDropTarget.h" />
		<Unit filename="../../src/ui/wxWidgets/DnDFile.cpp" />
		<Unit filename="../../src/ui/wxWidgets/DnDFile.h" />
		<Unit filename="../../src/ui/wxWidgets/DnDPWSafeObject.cpp" />
		<Unit filename="../../src/ui/wxWidgets/DnDPWSafeObject.h" />
		<Unit filename="../../src/ui/wxWidgets/DnDSupport.cpp" />
		<Unit filename="../../src/ui/wxWidgets/DnDSupport.h" />
		<Unit filename="../../src/ui/wxWidgets/DragBarCtrl.cpp" />
		<Unit filename="../../src/ui/wxWidgets/DragBarCtrl.h" />
		<Unit filename="../../src/ui/wxWidgets/EditShortcutDlg.cpp" />
		<Unit filename="../../src/ui/wxWidgets/EditShortcutDlg.h" />
		<Unit filename="../../src/ui/wxWidgets/ExportTextWarningDlg.cpp" />
		<Unit filename="../../src/ui/wxWidgets/ExportTextWarningDlg.h" />
		<Unit filename="../../src/ui/wxWidgets/ExternalKeyboardButton.cpp" />
		<Unit filename="../../src/ui/wxWidgets/ExternalKeyboardButton.h" />
		<Unit filename="../../src/ui/wxWidgets/FieldSelectionDlg.cpp" />
		<Unit filename="../../src/ui/wxWidgets/FieldSelectionDlg.h" />
		<Unit filename="../../src/ui/wxWidgets/FieldSelectionPanel.cpp" />
		<Unit filename="../../src/ui/wxWidgets/FieldSelectionPanel.h" />
		<Unit filename="../../src/ui/wxWidgets/GridCtrl.cpp" />
		<Unit filename="../../src/ui/wxWidgets/GridCtrl.h" />
		<Unit filename="../../src/ui/wxWidgets/GridShortcutsValidator.cpp" />
		<Unit filename="../../src/ui/wxWidgets/GridShortcutsValidator.h" />
		<Unit filename="../../src/ui/wxWidgets/GridTable.cpp" />
		<Unit filename="../../src/ui/wxWidgets/GridTable.h" />
		<Unit filename="../../src/ui/wxWidgets/GuiInfo.cpp" />
		<Unit filename="../../src/ui/wxWidgets/GuiInfo.h" />
		<Unit filename="../../src/ui/wxWidgets/HelpMap.h" />
		<Unit filename="../../src/ui/wxWidgets/ImportTextDlg.cpp" />
		<Unit filename="../../src/ui/wxWidgets/ImportTextDlg.h" />
		<Unit filename="../../src/ui/wxWidgets/ImportXmlDlg.cpp" />
		<Unit filename="../../src/ui/wxWidgets/ImportXmlDlg.h" />
		<Unit filename="../../src/ui/wxWidgets/ManageFiltersDlg.cpp" />
		<Unit filename="../../src/ui/wxWidgets/ManageFiltersDlg.h" />
		<Unit filename="../../src/ui/wxWidgets/ManageFiltersTable.cpp" />
		<Unit filename="../../src/ui/wxWidgets/ManageFiltersTable.h" />
		<Unit filename="../../src/ui/wxWidgets/ManagePasswordPoliciesDlg.cpp" />
		<Unit filename="../../src/ui/wxWidgets/ManagePasswordPoliciesDlg.h" />
		<Unit filename="../../src/ui/wxWidgets/MenuEditHandlers.cpp" />
		<Unit filename="../../src/ui/wxWidgets/MenuFileHandlers.cpp" />
		<Unit filename="../../src/ui/wxWidgets/MenuManageHandlers.cpp" />
		<Unit filename="../../src/ui/wxWidgets/MenuViewHandlers.cpp" />
		<Unit filename="../../src/ui/wxWidgets/MergeDlg.cpp" />
		<Unit filename="../../src/ui/wxWidgets/MergeDlg.h" />
		<Unit filename="../../src/ui/wxWidgets/OpenFilePickerValidator.cpp" />
		<Unit filename="../../src/ui/wxWidgets/OpenFilePickerValidator.h" />
		<Unit filename="../../src/ui/wxWidgets/OptionsPropertySheetDlg.cpp" />
		<Unit filename="../../src/ui/wxWidgets/OptionsPropertySheetDlg.h" />
		<Unit filename="../../src/ui/wxWidgets/PWFiltersBoolDlg.cpp" />
		<Unit filename="../../src/ui/wxWidgets/PWFiltersBoolDlg.h" />
		<Unit filename="../../src/ui/wxWidgets/PWFiltersDCADlg.cpp" />
		<Unit filename="../../src/ui/wxWidgets/PWFiltersDCADlg.h" />
		<Unit filename="../../src/ui/wxWidgets/PWFiltersDateDlg.cpp" />
		<Unit filename="../../src/ui/wxWidgets/PWFiltersDateDlg.h" />
		<Unit filename="../../src/ui/wxWidgets/PWFiltersEditor.cpp" />
		<Unit filename="../../src/ui/wxWidgets/PWFiltersEditor.h" />
		<Unit filename="../../src/ui/wxWidgets/PWFiltersGrid.cpp" />
		<Unit filename="../../src/ui/wxWidgets/PWFiltersGrid.h" />
		<Unit filename="../../src/ui/wxWidgets/PWFiltersIntegerDlg.cpp" />
		<Unit filename="../../src/ui/wxWidgets/PWFiltersIntegerDlg.h" />
		<Unit filename="../../src/ui/wxWidgets/PWFiltersMediaDlg.cpp" />
		<Unit filename="../../src/ui/wxWidgets/PWFiltersMediaDlg.h" />
		<Unit filename="../../src/ui/wxWidgets/PWFiltersPasswordDlg.cpp" />
		<Unit filename="../../src/ui/wxWidgets/PWFiltersPasswordDlg.h" />
		<Unit filename="../../src/ui/wxWidgets/PWFiltersStatusDlg.cpp" />
		<Unit filename="../../src/ui/wxWidgets/PWFiltersStatusDlg.h" />
		<Unit filename="../../src/ui/wxWidgets/PWFiltersStringDlg.cpp" />
		<Unit filename="../../src/ui/wxWidgets/PWFiltersStringDlg.h" />
		<Unit filename="../../src/ui/wxWidgets/PWFiltersTable.cpp" />
		<Unit filename="../../src/ui/wxWidgets/PWFiltersTable.h" />
		<Unit filename="../../src/ui/wxWidgets/PWFiltersTypeDlg.cpp" />
		<Unit filename="../../src/ui/wxWidgets/PWFiltersTypeDlg.h" />
		<Unit filename="../../src/ui/wxWidgets/PWSafeApp.cpp" />
		<Unit filename="../../src/ui/wxWidgets/PWSafeApp.h" />
		<Unit filename="../../src/ui/wxWidgets/PasswordPolicyDlg.cpp" />
		<Unit filename="../../src/ui/wxWidgets/PasswordPolicyDlg.h" />
		<Unit filename="../../src/ui/wxWidgets/PasswordSafeFrame.cpp" />
		<Unit filename="../../src/ui/wxWidgets/PasswordSafeFrame.h" />
		<Unit filename="../../src/ui/wxWidgets/PasswordSafeSearch.cpp" />
		<Unit filename="../../src/ui/wxWidgets/PasswordSafeSearch.h" />
		<Unit filename="../../src/ui/wxWidgets/PasswordSubsetDlg.cpp" />
		<Unit filename="../../src/ui/wxWidgets/PasswordSubsetDlg.h" />
		<Unit filename="../../src/ui/wxWidgets/PropertiesDlg.cpp" />
		<Unit filename="../../src/ui/wxWidgets/PropertiesDlg.h" />
		<Unit filename="../../src/ui/wxWidgets/QRCodeDlg.cpp">
			<Option target="Debug_L64Y" />
			<Option target="Debug_L32Y" />
			<Option target="Release_L64Y" />
			<Option target="Release_L32Y" />
			<Option target="Release_L64Y_Clang" />
		</Unit>
		<Unit filename="../../src/ui/wxWidgets/QRCodeDlg.h">
			<Option target="Debug_L64Y" />
			<Option target="Debug_L32Y" />
			<Option target="Release_L64Y" />
			<Option target="Release_L32Y" />
			<Option target="Release_L64Y_Clang" />
		</Unit>
		<Unit filename="../../src/ui/wxWidgets/QREncode.cpp">
			<Option target="Debug_L64Y" />
			<Option target="Debug_L32Y" />
			<Option target="Release_L64Y" />
			<Option target="Release_L32Y" />
			<Option target="Release_L64Y_Clang" />
		</Unit>
		<Unit filename="../../src/ui/wxWidgets/QREncode.h">
			<Option target="Debug_L64Y" />
			<Option target="Debug_L32Y" />
			<Option target="Release_L64Y" />
			<Option target="Release_L32Y" />
			<Option target="Release_L64Y_Clang" />
		</Unit>
		<Unit filename="../../src/ui/wxWidgets/QueryCancelDlg.cpp" />
		<Unit filename="../../src/ui/wxWidgets/QueryCancelDlg.h" />
		<Unit filename="../../src/ui/wxWidgets/RecentDbList.h" />
		<Unit filename="../../src/ui/wxWidgets/SafeCombinationChangeDlg.cpp" />
		<Unit filename="../../src/ui/wxWidgets/SafeCombinationChangeDlg.h" />
		<Unit filename="../../src/ui/wxWidgets/SafeCombinationCtrl.cpp" />
		<Unit filename="../../src/ui/wxWidgets/SafeCombinationCtrl.h" />
		<Unit filename="../../src/ui/wxWidgets/SafeCombinationEntryDlg.cpp" />
		<Unit filename="../../src/ui/wxWidgets/SafeCombinationEntryDlg.h" />
		<Unit filename="../../src/ui/wxWidgets/SafeCombinationPromptDlg.cpp" />
		<Unit filename="../../src/ui/wxWidgets/SafeCombinationPromptDlg.h" />
		<Unit filename="../../src/ui/wxWidgets/SafeCombinationSetupDlg.cpp" />
		<Unit filename="../../src/ui/wxWidgets/SafeCombinationSetupDlg.h" />
		<Unit filename="../../src/ui/wxWidgets/SelectAliasDlg.cpp" />
		<Unit filename="../../src/ui/wxWidgets/SelectAliasDlg.h" />
		<Unit filename="../../src/ui/wxWidgets/SelectionCriteria.cpp" />
		<Unit filename="../../src/ui/wxWidgets/SelectionCriteria.h" />
		<Unit filename="../../src/ui/wxWidgets/SetDatabaseIdDlg.cpp" />
		<Unit filename="../../src/ui/wxWidgets/SetDatabaseIdDlg.h" />
		<Unit filename="../../src/ui/wxWidgets/SetFiltersDlg.cpp" />
		<Unit filename="../../src/ui/wxWidgets/SetFiltersDlg.h" />
		<Unit filename="../../src/ui/wxWidgets/SizeRestrictedPanel.cpp" />
		<Unit filename="../../src/ui/wxWidgets/SizeRestrictedPanel.h" />
		<Unit filename="../../src/ui/wxWidgets/SyncWizard.cpp" />
		<Unit filename="../../src/ui/wxWidgets/SyncWizard.h" />
		<Unit filename="../../src/ui/wxWidgets/SystemTray.cpp" />
		<Unit filename="../../src/ui/wxWidgets/SystemTray.h" />
		<Unit filename="../../src/ui/wxWidgets/SystemTrayMenuId.h" />
		<Unit filename="../../src/ui/wxWidgets/TimedTaskChain.cpp" />
		<Unit filename="../../src/ui/wxWidgets/TimedTaskChain.h" />
		<Unit filename="../../src/ui/wxWidgets/ToolbarButtons.h" />
		<Unit filename="../../src/ui/wxWidgets/TreeCtrl.cpp" />
		<Unit filename="../../src/ui/wxWidgets/TreeCtrl.h" />
		<Unit filename="../../src/ui/wxWidgets/Version.cpp" />
		<Unit filename="../../src/ui/wxWidgets/ViewAttachmentDlg.cpp" />
		<Unit filename="../../src/ui/wxWidgets/ViewAttachmentDlg.h" />
		<Unit filename="../../src/ui/wxWidgets/ViewReportDlg.cpp" />
		<Unit filename="../../src/ui/wxWidgets/ViewReportDlg.h" />
		<Unit filename="../../src/ui/wxWidgets/YubiCfgDlg.cpp">
			<Option target="Debug_L64Y" />
			<Option target="Debug_L32Y" />
			<Option target="Release_L64Y" />
			<Option target="Release_L32Y" />
			<Option target="Release_L64Y_Clang" />
		</Unit>
		<Unit filename="../../src/ui/wxWidgets/YubiCfgDlg.h">
			<Option target="Debug_L64Y" />
			<Option target="Debug_L32Y" />
			<Option target="Release_L64Y" />
			<Option target="Release_L32Y" />
			<Option target="Release_L64Y_Clang" />
		</Unit>
		<Unit filename="../../src/ui/wxWidgets/YubiMixin.cpp">
			<Option target="Debug_L64Y" />
			<Option target="Debug_L32Y" />
			<Option target="Release_L64Y" />
			<Option target="Release_L32Y" />
			<Option target="Release_L64Y_Clang" />
		</Unit>
		<Unit filename="../../src/ui/wxWidgets/YubiMixin.h">
			<Option target="Debug_L64Y" />
			<Option target="Debug_L32Y" />
			<Option target="Release_L64Y" />
			<Option target="Release_L32Y" />
			<Option target="Release_L64Y_Clang" />
		</Unit>
		<Unit filename="../../src/ui/wxWidgets/version.h" />
		<Unit filename="../../src/ui/wxWidgets/version.in" />
		<Unit filename="../../src/ui/wxWidgets/wxMessages.h" />
		<Unit filename="../../src/ui/wxWidgets/wxUtilities.cpp" />
		<Unit filename="../../src/ui/wxWidgets/wxUtilities.h" />
		<Extensions>
			<debugger>
				<search_path add="../../../wxWidgets-3.0.2" />
			</debugger>
			<lib_finder disable_auto="1" />
		</Extensions>
	</Project>
</CodeBlocks_project_file>
