<?xml version="1.0" encoding="UTF-8" standalone="yes" ?>
<CodeBlocks_project_file>
	<FileVersion major="1" minor="6" />
	<Project>
		<Option title="pwsafe" />
		<Option pch_mode="2" />
		<Option compiler="gcc" />
		<Build>
			<Target title="Debug_L64">
				<Option platforms="Unix;" />
				<Option output="bin/Debug64/pwsafe" prefix_auto="1" extension_auto="1" />
				<Option object_output="obj/Debug64/" />
				<Option type="0" />
				<Option compiler="gcc" />
				<Option parameters="-s" />
				<Option projectLinkerOptionsRelation="2" />
				<Compiler>
					<Add option="-Wnon-virtual-dtor" />
					<Add option="-Wshadow" />
					<Add option="-Winit-self" />
					<Add option="-Wredundant-decls" />
					<Add option="-Wcast-align" />
					<Add option="-Wfloat-equal" />
					<Add option="-Winline" />
					<Add option="-Wunreachable-code" />
					<Add option="-Wmissing-include-dirs" />
					<Add option="-Wswitch-default" />
					<Add option="-pedantic" />
					<Add option="-Wextra" />
					<Add option="-Wall" />
					<Add option="-std=c++11" />
					<Add option="-fPIC" />
					<Add option="-m64" />
					<Add option="-g" />
					<Add option="`../wx-config-filter --cxxflags --unicode=yes --debug=yes --inplace`" />
					<Add option="-fsanitize=address" />
					<Add option="-fno-omit-frame-pointer" />
					<Add option="-Wpedantic" />
					<Add option="-Wunused" />
					<Add option="-Wuninitialized" />
					<Add option="-Wlogical-op" />
					<Add option="-Winvalid-pch" />
					<Add option="-D_DEBUG" />
					<Add option="-DDEBUG" />
					<Add option="-D__WXDEBUG__" />
					<Add option="-DUSE_XML_LIBRARY=XERCES" />
					<Add option="-DWCHAR_INCOMPATIBLE_XMLCH" />
					<Add option="-DNO_YUBI" />
					<Add option="-DNO_QR" />
					<Add directory="../../src" />
				</Compiler>
				<Linker>
					<Add option="-m64" />
					<Add option="`wx-config --libs --unicode=yes --debug=yes --inplace`" />
					<Add option="-fsanitize=address" />
					<Add library="core64d" />
					<Add library="os64d" />
					<Add directory="../core" />
					<Add directory="../os" />
				</Linker>
			</Target>
			<Target title="Debug_L32">
				<Option platforms="Unix;" />
				<Option output="bin/Debug32/pwsafe" prefix_auto="1" extension_auto="1" />
				<Option object_output="obj/Debug32/" />
				<Option type="0" />
				<Option compiler="gcc" />
				<Option projectLinkerOptionsRelation="2" />
				<Compiler>
					<Add option="-Wshadow" />
					<Add option="-Winit-self" />
					<Add option="-Wcast-align" />
					<Add option="-Wfloat-equal" />
					<Add option="-Winline" />
					<Add option="-Wunreachable-code" />
					<Add option="-Wmissing-include-dirs" />
					<Add option="-Wswitch-default" />
					<Add option="-Wextra" />
					<Add option="-Wall" />
					<Add option="-std=c++11" />
					<Add option="-fPIC" />
					<Add option="-m32" />
					<Add option="-g" />
					<Add option="`../wx-config-filter32 --cxxflags --unicode=yes --debug=yes --inplace`" />
					<Add option="-fsanitize=address" />
					<Add option="-fno-omit-frame-pointer" />
					<Add option="-Wpedantic" />
					<Add option="-Wunused" />
					<Add option="-Wuninitialized" />
					<Add option="-Wlogical-op" />
					<Add option="-Winvalid-pch" />
					<Add option="-D_DEBUG" />
					<Add option="-DDEBUG" />
					<Add option="-D__WXDEBUG__" />
					<Add option="-DUSE_XML_LIBRARY=XERCES" />
					<Add option="-DWCHAR_INCOMPATIBLE_XMLCH" />
					<Add option="-DNO_YUBI" />
					<Add option="-DwxSIZE_T_IS_UINT" />
					<Add option="-DNO_QR" />
					<Add directory="../../src" />
				</Compiler>
				<Linker>
					<Add option="-m32" />
					<Add option="`wx-config --libs --unicode=yes --debug=yes --inplace`" />
					<Add option="-fsanitize=address" />
					<Add library="core32d" />
					<Add library="os32d" />
					<Add directory="../core" />
					<Add directory="../os" />
				</Linker>
			</Target>
			<Target title="Release_L64">
				<Option platforms="Unix;" />
				<Option output="bin/Release64/pwsafe" prefix_auto="1" extension_auto="1" />
				<Option object_output="obj/Release64/" />
				<Option type="0" />
				<Option compiler="gcc" />
				<Option projectLinkerOptionsRelation="2" />
				<Compiler>
					<Add option="-fomit-frame-pointer" />
					<Add option="-O2" />
					<Add option="-Wshadow" />
					<Add option="-Winit-self" />
					<Add option="-Wswitch-default" />
					<Add option="-Wextra" />
					<Add option="-Wall" />
					<Add option="-std=c++11" />
					<Add option="-fPIC" />
					<Add option="-m64" />
					<Add option="`../wx-config-filter --cxxflags --unicode=yes --debug=no --inplace`" />
					<Add option="-DNDEBUG" />
					<Add option="-DUSE_XML_LIBRARY=XERCES" />
					<Add option="-DWCHAR_INCOMPATIBLE_XMLCH" />
					<Add option="-DNO_YUBI" />
					<Add option="-DNO_QR" />
					<Add directory="../../src" />
				</Compiler>
				<Linker>
					<Add option="-m64" />
					<Add option="`wx-config --libs --unicode=yes --debug=no --inplace`" />
					<Add library="core64" />
					<Add library="os64" />
					<Add directory="../core" />
					<Add directory="../os" />
				</Linker>
			</Target>
			<Target title="Release_L32">
				<Option platforms="Unix;" />
				<Option output="bin/Release32/pwsafe" prefix_auto="1" extension_auto="1" />
				<Option object_output="obj/Release32/" />
				<Option type="0" />
				<Option compiler="gcc" />
				<Option projectLinkerOptionsRelation="2" />
				<Compiler>
					<Add option="-fomit-frame-pointer" />
					<Add option="-O2" />
					<Add option="-Wshadow" />
					<Add option="-Winit-self" />
					<Add option="-Wswitch-default" />
					<Add option="-Wextra" />
					<Add option="-Wall" />
					<Add option="-std=c++11" />
					<Add option="-fPIC" />
					<Add option="-m32" />
					<Add option="`../wx-config-filter32 --cxxflags --unicode=yes --debug=no --inplace`" />
					<Add option="-DNDEBUG" />
					<Add option="-DUSE_XML_LIBRARY=XERCES" />
					<Add option="-DWCHAR_INCOMPATIBLE_XMLCH" />
					<Add option="-DNO_YUBI" />
					<Add option="-DwxSIZE_T_IS_UINT" />
					<Add option="-DNO_QR" />
					<Add directory="../../src" />
				</Compiler>
				<Linker>
					<Add option="-m32" />
					<Add option="`wx-config --libs --unicode=yes --debug=no --inplace`" />
					<Add library="core32" />
					<Add library="os32" />
					<Add directory="../core" />
					<Add directory="../os" />
				</Linker>
			</Target>
			<Target title="Debug_L64Y">
				<Option platforms="Unix;" />
				<Option output="bin/Debug64Y/pwsafe" prefix_auto="1" extension_auto="1" />
				<Option object_output="obj/Debug64Y/" />
				<Option type="0" />
				<Option compiler="gcc" />
				<Option projectLinkerOptionsRelation="2" />
				<Compiler>
					<Add option="-Wnon-virtual-dtor" />
					<Add option="-Wshadow" />
					<Add option="-Winit-self" />
					<Add option="-Wredundant-decls" />
					<Add option="-Wcast-align" />
					<Add option="-Wfloat-equal" />
					<Add option="-Winline" />
					<Add option="-Wunreachable-code" />
					<Add option="-Wmissing-include-dirs" />
					<Add option="-Wswitch-default" />
					<Add option="-pedantic" />
					<Add option="-Wextra" />
					<Add option="-Wall" />
					<Add option="-std=c++11" />
					<Add option="-fPIC" />
					<Add option="-m64" />
					<Add option="-g" />
					<Add option="`../wx-config-filter --cxxflags --unicode=yes --debug=yes --inplace`" />
					<Add option="-fsanitize=address" />
					<Add option="-fno-omit-frame-pointer" />
					<Add option="-Wpedantic" />
					<Add option="-Wunused" />
					<Add option="-Wuninitialized" />
					<Add option="-Wlogical-op" />
					<Add option="-Winvalid-pch" />
					<Add option="`pkg-config --cflags ykpers-1`" />
					<Add option="-D_DEBUG" />
					<Add option="-DDEBUG" />
					<Add option="-D__WXDEBUG__" />
					<Add option="-DUSE_XML_LIBRARY=XERCES" />
					<Add option="-DWCHAR_INCOMPATIBLE_XMLCH" />
					<Add directory="../../src" />
				</Compiler>
				<Linker>
					<Add option="-m64" />
					<Add option="`wx-config --libs --unicode=yes --debug=yes --inplace`" />
					<Add option="-fsanitize=address" />
					<Add option="`pkg-config --libs ykpers-1`" />
					<Add option="`pkg-config --libs libqrencode`" />
					<Add library="core64yd" />
					<Add library="os64yd" />
					<Add directory="../core" />
					<Add directory="../os" />
				</Linker>
			</Target>
			<Target title="Debug_L32Y">
				<Option platforms="Unix;" />
				<Option output="bin/Debug32Y/pwsafe" prefix_auto="1" extension_auto="1" />
				<Option object_output="obj/Debug32Y/" />
				<Option type="0" />
				<Option compiler="gcc" />
				<Option projectLinkerOptionsRelation="2" />
				<Compiler>
					<Add option="-Wshadow" />
					<Add option="-Winit-self" />
					<Add option="-Wcast-align" />
					<Add option="-Winline" />
					<Add option="-Wunreachable-code" />
					<Add option="-Wmissing-include-dirs" />
					<Add option="-Wswitch-default" />
					<Add option="-Wextra" />
					<Add option="-Wall" />
					<Add option="-std=c++11" />
					<Add option="-fPIC" />
					<Add option="-m32" />
					<Add option="-g" />
					<Add option="`../wx-config-filter32 --cxxflags --unicode=yes --debug=yes --inplace`" />
					<Add option="-fsanitize=address" />
					<Add option="-fno-omit-frame-pointer" />
					<Add option="-Wpedantic" />
					<Add option="-Wunused" />
					<Add option="-Wuninitialized" />
					<Add option="-Wlogical-op" />
					<Add option="-Winvalid-pch" />
					<Add option="`pkg-config --cflags ykpers-1`" />
					<Add option="-D_DEBUG" />
					<Add option="-DDEBUG" />
					<Add option="-D__WXDEBUG__" />
					<Add option="-DUSE_XML_LIBRARY=XERCES" />
					<Add option="-DWCHAR_INCOMPATIBLE_XMLCH" />
					<Add option="-DwxSIZE_T_IS_UINT" />
					<Add directory="../../src" />
				</Compiler>
				<Linker>
					<Add option="-m32" />
					<Add option="`wx-config --libs --unicode=yes --debug=yes --inplace`" />
					<Add option="-fsanitize=address" />
					<Add option="`pkg-config --libs ykpers-1`" />
					<Add option="`pkg-config --libs libqrencode`" />
					<Add library="core32yd" />
					<Add library="os32yd" />
					<Add directory="../core" />
					<Add directory="../os" />
				</Linker>
			</Target>
			<Target title="Release_L64Y">
				<Option platforms="Unix;" />
				<Option output="bin/Release64Y/pwsafe" prefix_auto="1" extension_auto="1" />
				<Option object_output="obj/Release64Y/" />
				<Option type="0" />
				<Option compiler="gcc" />
				<Option projectLinkerOptionsRelation="2" />
				<Compiler>
					<Add option="-fomit-frame-pointer" />
					<Add option="-O2" />
					<Add option="-Wshadow" />
					<Add option="-Winit-self" />
					<Add option="-Wfloat-equal" />
					<Add option="-Winline" />
					<Add option="-Wunreachable-code" />
					<Add option="-Wswitch-default" />
					<Add option="-Wextra" />
					<Add option="-Wall" />
					<Add option="-std=c++11" />
					<Add option="-fPIC" />
					<Add option="-m64" />
					<Add option="`../wx-config-filter --cxxflags --unicode=yes --debug=no --inplace`" />
					<Add option="`pkg-config --cflags ykpers-1`" />
					<Add option="-DNDEBUG" />
					<Add option="-DUSE_XML_LIBRARY=XERCES" />
					<Add option="-DWCHAR_INCOMPATIBLE_XMLCH" />
					<Add directory="../../src" />
				</Compiler>
				<Linker>
					<Add option="-m64" />
					<Add option="`wx-config --libs --unicode=yes --debug=no --inplace`" />
					<Add option="`pkg-config --libs ykpers-1`" />
					<Add option="`pkg-config --libs libqrencode`" />
					<Add library="core64y" />
					<Add library="os64y" />
					<Add directory="../core" />
					<Add directory="../os" />
				</Linker>
			</Target>
			<Target title="Release_L32Y">
				<Option platforms="Unix;" />
				<Option output="bin/Release32Y/pwsafe" prefix_auto="1" extension_auto="1" />
				<Option object_output="obj/Release32Y/" />
				<Option type="0" />
				<Option compiler="gcc" />
				<Option projectLinkerOptionsRelation="2" />
				<Compiler>
					<Add option="-fomit-frame-pointer" />
					<Add option="-O2" />
					<Add option="-Wshadow" />
					<Add option="-Winit-self" />
					<Add option="-Wfloat-equal" />
					<Add option="-Winline" />
					<Add option="-Wunreachable-code" />
					<Add option="-Wmissing-include-dirs" />
					<Add option="-Wswitch-default" />
					<Add option="-Wextra" />
					<Add option="-Wall" />
					<Add option="-std=c++11" />
					<Add option="-fPIC" />
					<Add option="-m32" />
					<Add option="`../wx-config-filter32 --cxxflags --unicode=yes --debug=no --inplace`" />
					<Add option="`pkg-config --cflags ykpers-1`" />
					<Add option="-DNDEBUG" />
					<Add option="-DUSE_XML_LIBRARY=XERCES" />
					<Add option="-DWCHAR_INCOMPATIBLE_XMLCH" />
					<Add option="-DwxSIZE_T_IS_UINT" />
					<Add directory="../../src" />
				</Compiler>
				<Linker>
					<Add option="-m32" />
					<Add option="`wx-config --libs --unicode=yes --debug=no --inplace`" />
					<Add option="`pkg-config --libs ykpers-1`" />
					<Add option="`pkg-config --libs libqrencode`" />
					<Add library="core32y" />
					<Add library="os32y" />
					<Add directory="../core" />
					<Add directory="../os" />
				</Linker>
			</Target>
		</Build>
		<Compiler>
			<Add option="-Wall" />
			<Add option="-Wformat=2" />
			<Add option="-Wno-unused-local-typedefs" />
			<Add option="-DUNICODE" />
		</Compiler>
		<Linker>
			<Add library="uuid" />
			<Add library="Xtst" />
			<Add library="X11" />
			<Add library="xerces-c" />
		</Linker>
		<ExtraCommands>
			<Add before="../cb-ver-update" />
		</ExtraCommands>
		<Unit filename="../../src/ui/wxWidgets/AdvancedSelectionDlg.cpp" />
		<Unit filename="../../src/ui/wxWidgets/AdvancedSelectionDlg.h" />
		<Unit filename="../../src/ui/wxWidgets/CompareDlg.cpp" />
		<Unit filename="../../src/ui/wxWidgets/CompareDlg.h" />
		<Unit filename="../../src/ui/wxWidgets/ComparisonGridTable.cpp" />
		<Unit filename="../../src/ui/wxWidgets/ComparisonGridTable.h" />
		<Unit filename="../../src/ui/wxWidgets/DbSelectionPanel.cpp" />
		<Unit filename="../../src/ui/wxWidgets/DbSelectionPanel.h" />
		<Unit filename="../../src/ui/wxWidgets/ExportTextWarningDlg.cpp" />
		<Unit filename="../../src/ui/wxWidgets/ExportTextWarningDlg.h" />
		<Unit filename="../../src/ui/wxWidgets/ExternalKeyboardButton.cpp" />
		<Unit filename="../../src/ui/wxWidgets/ExternalKeyboardButton.h" />
		<Unit filename="../../src/ui/wxWidgets/ImportTextDlg.cpp" />
		<Unit filename="../../src/ui/wxWidgets/ImportTextDlg.h" />
		<Unit filename="../../src/ui/wxWidgets/ImportXmlDlg.cpp" />
		<Unit filename="../../src/ui/wxWidgets/ImportXmlDlg.h" />
		<Unit filename="../../src/ui/wxWidgets/ManagePwdPolicies.cpp" />
		<Unit filename="../../src/ui/wxWidgets/ManagePwdPolicies.h" />
		<Unit filename="../../src/ui/wxWidgets/MergeDlg.cpp" />
		<Unit filename="../../src/ui/wxWidgets/MergeDlg.h" />
		<Unit filename="../../src/ui/wxWidgets/OpenFilePickerValidator.cpp" />
		<Unit filename="../../src/ui/wxWidgets/OpenFilePickerValidator.h" />
		<Unit filename="../../src/ui/wxWidgets/PWSDragBar.cpp" />
		<Unit filename="../../src/ui/wxWidgets/PWSDragBar.h" />
		<Unit filename="../../src/ui/wxWidgets/PWSgrid.cpp" />
		<Unit filename="../../src/ui/wxWidgets/PWSgrid.h" />
		<Unit filename="../../src/ui/wxWidgets/PWSgridtable.cpp" />
		<Unit filename="../../src/ui/wxWidgets/PWSgridtable.h" />
		<Unit filename="../../src/ui/wxWidgets/PWStree.cpp" />
		<Unit filename="../../src/ui/wxWidgets/PWStree.h" />
		<Unit filename="../../src/ui/wxWidgets/PasswordPolicy.cpp" />
		<Unit filename="../../src/ui/wxWidgets/PasswordPolicy.h" />
		<Unit filename="../../src/ui/wxWidgets/PasswordSafeSearch.cpp" />
		<Unit filename="../../src/ui/wxWidgets/PasswordSafeSearch.h" />
		<Unit filename="../../src/ui/wxWidgets/PwsSync.cpp" />
		<Unit filename="../../src/ui/wxWidgets/PwsSync.h" />
		<Unit filename="../../src/ui/wxWidgets/PwsToolbarButtons.h" />
		<Unit filename="../../src/ui/wxWidgets/RecentDBList.h" />
		<Unit filename="../../src/ui/wxWidgets/SafeCombinationCtrl.cpp" />
		<Unit filename="../../src/ui/wxWidgets/SafeCombinationCtrl.h" />
		<Unit filename="../../src/ui/wxWidgets/SelectionCriteria.cpp" />
		<Unit filename="../../src/ui/wxWidgets/SelectionCriteria.h" />
		<Unit filename="../../src/ui/wxWidgets/SizeRestrictedPanel.cpp" />
		<Unit filename="../../src/ui/wxWidgets/SizeRestrictedPanel.h" />
		<Unit filename="../../src/ui/wxWidgets/SystemTray.cpp" />
		<Unit filename="../../src/ui/wxWidgets/SystemTray.h" />
		<Unit filename="../../src/ui/wxWidgets/SystemTrayMenuId.h" />
		<Unit filename="../../src/ui/wxWidgets/TimedTaskChain.cpp" />
		<Unit filename="../../src/ui/wxWidgets/TimedTaskChain.h" />
		<Unit filename="../../src/ui/wxWidgets/ViewReport.cpp" />
		<Unit filename="../../src/ui/wxWidgets/ViewReport.h" />
		<Unit filename="../../src/ui/wxWidgets/YubiMixin.cpp">
			<Option target="Debug_L64Y" />
			<Option target="Debug_L32Y" />
			<Option target="Release_L64Y" />
			<Option target="Release_L32Y" />
		</Unit>
		<Unit filename="../../src/ui/wxWidgets/YubiMixin.h">
			<Option target="Debug_L64Y" />
			<Option target="Debug_L32Y" />
			<Option target="Release_L64Y" />
			<Option target="Release_L32Y" />
		</Unit>
		<Unit filename="../../src/ui/wxWidgets/about.cpp" />
		<Unit filename="../../src/ui/wxWidgets/about.h" />
		<Unit filename="../../src/ui/wxWidgets/addeditpropsheet.cpp" />
		<Unit filename="../../src/ui/wxWidgets/addeditpropsheet.h" />
		<Unit filename="../../src/ui/wxWidgets/createshortcutdlg.cpp" />
		<Unit filename="../../src/ui/wxWidgets/createshortcutdlg.h" />
		<Unit filename="../../src/ui/wxWidgets/deleteconfirmation.cpp" />
		<Unit filename="../../src/ui/wxWidgets/deleteconfirmation.h" />
		<Unit filename="../../src/ui/wxWidgets/dragbar.cpp" />
		<Unit filename="../../src/ui/wxWidgets/dragbar.h" />
		<Unit filename="../../src/ui/wxWidgets/editshortcut.cpp" />
		<Unit filename="../../src/ui/wxWidgets/editshortcut.h" />
		<Unit filename="../../src/ui/wxWidgets/fieldselectiondlg.cpp" />
		<Unit filename="../../src/ui/wxWidgets/fieldselectiondlg.h" />
		<Unit filename="../../src/ui/wxWidgets/fieldselectionpanel.cpp" />
		<Unit filename="../../src/ui/wxWidgets/fieldselectionpanel.h" />
		<Unit filename="../../src/ui/wxWidgets/guiinfo.cpp" />
		<Unit filename="../../src/ui/wxWidgets/guiinfo.h" />
		<Unit filename="../../src/ui/wxWidgets/helpmap.h" />
		<Unit filename="../../src/ui/wxWidgets/mainEdit.cpp" />
		<Unit filename="../../src/ui/wxWidgets/mainManage.cpp" />
		<Unit filename="../../src/ui/wxWidgets/mainView.cpp" />
		<Unit filename="../../src/ui/wxWidgets/optionspropsheet.cpp" />
		<Unit filename="../../src/ui/wxWidgets/optionspropsheet.h" />
		<Unit filename="../../src/ui/wxWidgets/passwordsafeframe.cpp" />
		<Unit filename="../../src/ui/wxWidgets/passwordsafeframe.h" />
		<Unit filename="../../src/ui/wxWidgets/passwordsubset.cpp" />
		<Unit filename="../../src/ui/wxWidgets/passwordsubset.h" />
		<Unit filename="../../src/ui/wxWidgets/properties.cpp" />
		<Unit filename="../../src/ui/wxWidgets/properties.h" />
		<Unit filename="../../src/ui/wxWidgets/pwsafeapp.cpp" />
		<Unit filename="../../src/ui/wxWidgets/pwsafeapp.h" />
		<Unit filename="../../src/ui/wxWidgets/pwsclip.cpp" />
		<Unit filename="../../src/ui/wxWidgets/pwsclip.h" />
		<Unit filename="../../src/ui/wxWidgets/pwsmenushortcuts.cpp" />
		<Unit filename="../../src/ui/wxWidgets/pwsmenushortcuts.h" />
		<Unit filename="../../src/ui/wxWidgets/pwsqrcodedlg.cpp">
			<Option target="Debug_L64Y" />
			<Option target="Debug_L32Y" />
			<Option target="Release_L64Y" />
			<Option target="Release_L32Y" />
		</Unit>
		<Unit filename="../../src/ui/wxWidgets/pwsqrcodedlg.h">
			<Option target="Debug_L64Y" />
			<Option target="Debug_L32Y" />
			<Option target="Release_L64Y" />
			<Option target="Release_L32Y" />
		</Unit>
		<Unit filename="../../src/ui/wxWidgets/pwsqrencode.cpp">
			<Option target="Debug_L64Y" />
			<Option target="Debug_L32Y" />
			<Option target="Release_L64Y" />
			<Option target="Release_L32Y" />
		</Unit>
		<Unit filename="../../src/ui/wxWidgets/pwsqrencode.h">
			<Option target="Debug_L64Y" />
			<Option target="Debug_L32Y" />
			<Option target="Release_L64Y" />
			<Option target="Release_L32Y" />
		</Unit>
		<Unit filename="../../src/ui/wxWidgets/safecombinationchange.cpp" />
		<Unit filename="../../src/ui/wxWidgets/safecombinationchange.h" />
		<Unit filename="../../src/ui/wxWidgets/safecombinationentry.cpp" />
		<Unit filename="../../src/ui/wxWidgets/safecombinationentry.h" />
		<Unit filename="../../src/ui/wxWidgets/safecombinationprompt.cpp" />
		<Unit filename="../../src/ui/wxWidgets/safecombinationprompt.h" />
		<Unit filename="../../src/ui/wxWidgets/safecombinationsetup.cpp" />
		<Unit filename="../../src/ui/wxWidgets/safecombinationsetup.h" />
		<Unit filename="../../src/ui/wxWidgets/version.cpp" />
		<Unit filename="../../src/ui/wxWidgets/version.h" />
		<Unit filename="../../src/ui/wxWidgets/version.in" />
		<Unit filename="../../src/ui/wxWidgets/wxMessages.h" />
		<Unit filename="../../src/ui/wxWidgets/wxutils.cpp" />
		<Unit filename="../../src/ui/wxWidgets/wxutils.h" />
		<Unit filename="../../src/ui/wxWidgets/yubicfg.cpp">
			<Option target="Debug_L64Y" />
			<Option target="Debug_L32Y" />
			<Option target="Release_L64Y" />
			<Option target="Release_L32Y" />
		</Unit>
		<Unit filename="../../src/ui/wxWidgets/yubicfg.h">
			<Option target="Debug_L64Y" />
			<Option target="Debug_L32Y" />
			<Option target="Release_L64Y" />
			<Option target="Release_L32Y" />
		</Unit>
		<Extensions>
			<envvars />
			<code_completion />
			<debugger>
				<search_path add="../../../wxWidgets-3.0.2" />
			</debugger>
			<lib_finder disable_auto="1" />
		</Extensions>
	</Project>
</CodeBlocks_project_file>
